// !$*UTF8*$!
{
	archiveVersion = 1;
	classes = {
	};
	objectVersion = 50;
	objects = {

/* Begin PBXBuildFile section */
		8F201C2720FA6EEF00637A75 /* CCSignalReader.mm in Sources */ = {isa = PBXBuildFile; fileRef = 8F201C2520FA6EEF00637A75 /* CCSignalReader.mm */; };
		8F201C2920FA70CF00637A75 /* IOKit.framework in Frameworks */ = {isa = PBXBuildFile; fileRef = 8F201C2820FA70CF00637A75 /* IOKit.framework */; };
		8F292BE420A91F5C00635C0D /* AppDelegate.m in Sources */ = {isa = PBXBuildFile; fileRef = 8F292BE320A91F5C00635C0D /* AppDelegate.m */; };
		8F292BE720A91F5C00635C0D /* ViewController.m in Sources */ = {isa = PBXBuildFile; fileRef = 8F292BE620A91F5C00635C0D /* ViewController.m */; };
		8F292BE920A91F5E00635C0D /* Assets.xcassets in Resources */ = {isa = PBXBuildFile; fileRef = 8F292BE820A91F5E00635C0D /* Assets.xcassets */; };
		8F292BEC20A91F5E00635C0D /* Main.storyboard in Resources */ = {isa = PBXBuildFile; fileRef = 8F292BEA20A91F5E00635C0D /* Main.storyboard */; };
		8F292BEF20A91F5E00635C0D /* main.m in Sources */ = {isa = PBXBuildFile; fileRef = 8F292BEE20A91F5E00635C0D /* main.m */; };
		8F292BFD20A91FF000635C0D /* CCRenderDelegate.m in Sources */ = {isa = PBXBuildFile; fileRef = 8F292BFA20A91FF000635C0D /* CCRenderDelegate.m */; };
		8F292BFE20A91FF000635C0D /* CCViewController.m in Sources */ = {isa = PBXBuildFile; fileRef = 8F292BFB20A91FF000635C0D /* CCViewController.m */; };
		8F292C0620A9268400635C0D /* harfbuzz.framework in Frameworks */ = {isa = PBXBuildFile; fileRef = 8F292C0520A9268400635C0D /* harfbuzz.framework */; };
		8F292C0720A9268400635C0D /* harfbuzz.framework in Embed Frameworks */ = {isa = PBXBuildFile; fileRef = 8F292C0520A9268400635C0D /* harfbuzz.framework */; settings = {ATTRIBUTES = (CodeSignOnCopy, RemoveHeadersOnCopy, ); }; };
		8F292C0A20A9269100635C0D /* ViroKit.framework in Frameworks */ = {isa = PBXBuildFile; fileRef = 8F292C0920A9269000635C0D /* ViroKit.framework */; };
		8F292C0B20A9269100635C0D /* ViroKit.framework in Embed Frameworks */ = {isa = PBXBuildFile; fileRef = 8F292C0920A9269000635C0D /* ViroKit.framework */; settings = {ATTRIBUTES = (CodeSignOnCopy, RemoveHeadersOnCopy, ); }; };
		8F292C1020A9275A00635C0D /* ibl_mans_outside.hdr in Resources */ = {isa = PBXBuildFile; fileRef = 8F292C0F20A9275A00635C0D /* ibl_mans_outside.hdr */; };
		8F292C1720A9276200635C0D /* blinn2_Metallic.png in Resources */ = {isa = PBXBuildFile; fileRef = 8F292C1120A9276200635C0D /* blinn2_Metallic.png */; };
		8F292C1820A9276200635C0D /* blinn2_Normal_DirectX.png in Resources */ = {isa = PBXBuildFile; fileRef = 8F292C1220A9276200635C0D /* blinn2_Normal_DirectX.png */; };
		8F292C1920A9276200635C0D /* blinn2_Roughness.png in Resources */ = {isa = PBXBuildFile; fileRef = 8F292C1320A9276200635C0D /* blinn2_Roughness.png */; };
		8F292C1A20A9276200635C0D /* cylinder_pbr.vrx in Resources */ = {isa = PBXBuildFile; fileRef = 8F292C1420A9276200635C0D /* cylinder_pbr.vrx */; };
		8F292C1B20A9276200635C0D /* blinn2_Base_Color.png in Resources */ = {isa = PBXBuildFile; fileRef = 8F292C1520A9276200635C0D /* blinn2_Base_Color.png */; };
		8F292C1C20A9276200635C0D /* blinn2_Mixed_AO.png in Resources */ = {isa = PBXBuildFile; fileRef = 8F292C1620A9276200635C0D /* blinn2_Mixed_AO.png */; };
		8F292C1E20A9DF3A00635C0D /* Syphon.framework in Frameworks */ = {isa = PBXBuildFile; fileRef = 8F292C1D20A9DF3A00635C0D /* Syphon.framework */; };
		8F292C1F20A9DF3A00635C0D /* Syphon.framework in Embed Frameworks */ = {isa = PBXBuildFile; fileRef = 8F292C1D20A9DF3A00635C0D /* Syphon.framework */; settings = {ATTRIBUTES = (CodeSignOnCopy, RemoveHeadersOnCopy, ); }; };
		8F292C2220AA370300635C0D /* Cocoa.framework in Frameworks */ = {isa = PBXBuildFile; fileRef = 8F292C2120AA370300635C0D /* Cocoa.framework */; };
		8F292C2420AA370F00635C0D /* OpenGL.framework in Frameworks */ = {isa = PBXBuildFile; fileRef = 8F292C2320AA370F00635C0D /* OpenGL.framework */; };
		8F2F342020E7D96D001962D0 /* CCFBXTest.cpp in Sources */ = {isa = PBXBuildFile; fileRef = 8F2F341E20E7D96C001962D0 /* CCFBXTest.cpp */; };
		8F2F342220E7DE4F001962D0 /* Dance_all.vrx in Resources */ = {isa = PBXBuildFile; fileRef = 8F2F342120E7DE4F001962D0 /* Dance_all.vrx */; };
		8F2F344620F7A59A001962D0 /* trap.vrx in Resources */ = {isa = PBXBuildFile; fileRef = 8F2F343920F7A599001962D0 /* trap.vrx */; };
		8F2F344720F7A59A001962D0 /* Jams_Lleg_white.png in Resources */ = {isa = PBXBuildFile; fileRef = 8F2F343A20F7A599001962D0 /* Jams_Lleg_white.png */; };
		8F2F344820F7A59A001962D0 /* Jams_Rleg_white.png in Resources */ = {isa = PBXBuildFile; fileRef = 8F2F343B20F7A599001962D0 /* Jams_Rleg_white.png */; };
		8F2F344920F7A59A001962D0 /* Trees_White_Rleg.png in Resources */ = {isa = PBXBuildFile; fileRef = 8F2F343C20F7A599001962D0 /* Trees_White_Rleg.png */; };
		8F2F344A20F7A59A001962D0 /* Trees_White_All.png in Resources */ = {isa = PBXBuildFile; fileRef = 8F2F343D20F7A59A001962D0 /* Trees_White_All.png */; };
		8F2F344B20F7A59A001962D0 /* Trees_White_Larm.png in Resources */ = {isa = PBXBuildFile; fileRef = 8F2F343E20F7A59A001962D0 /* Trees_White_Larm.png */; };
		8F2F344C20F7A59A001962D0 /* Jams_Larm_white.png in Resources */ = {isa = PBXBuildFile; fileRef = 8F2F343F20F7A59A001962D0 /* Jams_Larm_white.png */; };
		8F2F344D20F7A59A001962D0 /* Trees_White_Rarm.png in Resources */ = {isa = PBXBuildFile; fileRef = 8F2F344020F7A59A001962D0 /* Trees_White_Rarm.png */; };
		8F2F344E20F7A59A001962D0 /* Jams_Rarm_white.png in Resources */ = {isa = PBXBuildFile; fileRef = 8F2F344120F7A59A001962D0 /* Jams_Rarm_white.png */; };
		8F2F344F20F7A59A001962D0 /* Trees_White_BodyHead.png in Resources */ = {isa = PBXBuildFile; fileRef = 8F2F344220F7A59A001962D0 /* Trees_White_BodyHead.png */; };
		8F2F345020F7A59A001962D0 /* Jams_All_white.png in Resources */ = {isa = PBXBuildFile; fileRef = 8F2F344320F7A59A001962D0 /* Jams_All_white.png */; };
		8F2F345120F7A59A001962D0 /* Jams_bodyhead_white.png in Resources */ = {isa = PBXBuildFile; fileRef = 8F2F344420F7A59A001962D0 /* Jams_bodyhead_white.png */; };
		8F2F345220F7A59A001962D0 /* Trees_White_Lleg.png in Resources */ = {isa = PBXBuildFile; fileRef = 8F2F344520F7A59A001962D0 /* Trees_White_Lleg.png */; };
		8FDA1D1A20DEC4AE005AFC70 /* animtest.vrx in Resources */ = {isa = PBXBuildFile; fileRef = 8FDA1D1820DEC4AE005AFC70 /* animtest.vrx */; };
/* End PBXBuildFile section */

/* Begin PBXCopyFilesBuildPhase section */
		8F292C0820A9268400635C0D /* Embed Frameworks */ = {
			isa = PBXCopyFilesBuildPhase;
			buildActionMask = 2147483647;
			dstPath = "";
			dstSubfolderSpec = 10;
			files = (
				8F292C0720A9268400635C0D /* harfbuzz.framework in Embed Frameworks */,
				8F292C1F20A9DF3A00635C0D /* Syphon.framework in Embed Frameworks */,
				8F292C0B20A9269100635C0D /* ViroKit.framework in Embed Frameworks */,
			);
			name = "Embed Frameworks";
			runOnlyForDeploymentPostprocessing = 0;
		};
/* End PBXCopyFilesBuildPhase section */

/* Begin PBXFileReference section */
		8F201C2520FA6EEF00637A75 /* CCSignalReader.mm */ = {isa = PBXFileReference; explicitFileType = sourcecode.cpp.objcpp; path = CCSignalReader.mm; sourceTree = "<group>"; };
		8F201C2620FA6EEF00637A75 /* CCSignalReader.h */ = {isa = PBXFileReference; lastKnownFileType = sourcecode.c.h; path = CCSignalReader.h; sourceTree = "<group>"; };
		8F201C2820FA70CF00637A75 /* IOKit.framework */ = {isa = PBXFileReference; lastKnownFileType = wrapper.framework; name = IOKit.framework; path = System/Library/Frameworks/IOKit.framework; sourceTree = SDKROOT; };
		8F292BDF20A91F5C00635C0D /* CrowdControls.app */ = {isa = PBXFileReference; explicitFileType = wrapper.application; includeInIndex = 0; path = CrowdControls.app; sourceTree = BUILT_PRODUCTS_DIR; };
		8F292BE220A91F5C00635C0D /* AppDelegate.h */ = {isa = PBXFileReference; lastKnownFileType = sourcecode.c.h; path = AppDelegate.h; sourceTree = "<group>"; };
		8F292BE320A91F5C00635C0D /* AppDelegate.m */ = {isa = PBXFileReference; explicitFileType = sourcecode.cpp.objcpp; path = AppDelegate.m; sourceTree = "<group>"; };
		8F292BE520A91F5C00635C0D /* ViewController.h */ = {isa = PBXFileReference; lastKnownFileType = sourcecode.c.h; path = ViewController.h; sourceTree = "<group>"; };
		8F292BE620A91F5C00635C0D /* ViewController.m */ = {isa = PBXFileReference; lastKnownFileType = sourcecode.c.objc; path = ViewController.m; sourceTree = "<group>"; };
		8F292BE820A91F5E00635C0D /* Assets.xcassets */ = {isa = PBXFileReference; lastKnownFileType = folder.assetcatalog; path = Assets.xcassets; sourceTree = "<group>"; };
		8F292BEB20A91F5E00635C0D /* Base */ = {isa = PBXFileReference; lastKnownFileType = file.storyboard; name = Base; path = Base.lproj/Main.storyboard; sourceTree = "<group>"; };
		8F292BED20A91F5E00635C0D /* Info.plist */ = {isa = PBXFileReference; lastKnownFileType = text.plist.xml; path = Info.plist; sourceTree = "<group>"; };
		8F292BEE20A91F5E00635C0D /* main.m */ = {isa = PBXFileReference; lastKnownFileType = sourcecode.c.objc; path = main.m; sourceTree = "<group>"; };
		8F292BF020A91F5E00635C0D /* CrowdControls.entitlements */ = {isa = PBXFileReference; lastKnownFileType = text.plist.entitlements; path = CrowdControls.entitlements; sourceTree = "<group>"; };
		8F292BF920A91FF000635C0D /* CCRenderDelegate.h */ = {isa = PBXFileReference; fileEncoding = 4; lastKnownFileType = sourcecode.c.h; path = CCRenderDelegate.h; sourceTree = "<group>"; };
		8F292BFA20A91FF000635C0D /* CCRenderDelegate.m */ = {isa = PBXFileReference; explicitFileType = sourcecode.cpp.objcpp; fileEncoding = 4; path = CCRenderDelegate.m; sourceTree = "<group>"; };
		8F292BFB20A91FF000635C0D /* CCViewController.m */ = {isa = PBXFileReference; explicitFileType = sourcecode.cpp.objcpp; fileEncoding = 4; path = CCViewController.m; sourceTree = "<group>"; };
		8F292BFC20A91FF000635C0D /* CCViewController.h */ = {isa = PBXFileReference; fileEncoding = 4; lastKnownFileType = sourcecode.c.h; path = CCViewController.h; sourceTree = "<group>"; };
		8F292C0520A9268400635C0D /* harfbuzz.framework */ = {isa = PBXFileReference; lastKnownFileType = wrapper.framework; name = harfbuzz.framework; path = Libraries/Harfbuzz/x86_64/harfbuzz.framework; sourceTree = "<group>"; };
		8F292C0920A9269000635C0D /* ViroKit.framework */ = {isa = PBXFileReference; lastKnownFileType = wrapper.framework; name = ViroKit.framework; path = Libraries/Viro/ViroKit.framework; sourceTree = "<group>"; };
		8F292C0F20A9275A00635C0D /* ibl_mans_outside.hdr */ = {isa = PBXFileReference; lastKnownFileType = file; path = ibl_mans_outside.hdr; sourceTree = "<group>"; };
		8F292C1120A9276200635C0D /* blinn2_Metallic.png */ = {isa = PBXFileReference; lastKnownFileType = image.png; path = blinn2_Metallic.png; sourceTree = "<group>"; };
		8F292C1220A9276200635C0D /* blinn2_Normal_DirectX.png */ = {isa = PBXFileReference; lastKnownFileType = image.png; path = blinn2_Normal_DirectX.png; sourceTree = "<group>"; };
		8F292C1320A9276200635C0D /* blinn2_Roughness.png */ = {isa = PBXFileReference; lastKnownFileType = image.png; path = blinn2_Roughness.png; sourceTree = "<group>"; };
		8F292C1420A9276200635C0D /* cylinder_pbr.vrx */ = {isa = PBXFileReference; lastKnownFileType = file; path = cylinder_pbr.vrx; sourceTree = "<group>"; };
		8F292C1520A9276200635C0D /* blinn2_Base_Color.png */ = {isa = PBXFileReference; lastKnownFileType = image.png; path = blinn2_Base_Color.png; sourceTree = "<group>"; };
		8F292C1620A9276200635C0D /* blinn2_Mixed_AO.png */ = {isa = PBXFileReference; lastKnownFileType = image.png; path = blinn2_Mixed_AO.png; sourceTree = "<group>"; };
		8F292C1D20A9DF3A00635C0D /* Syphon.framework */ = {isa = PBXFileReference; lastKnownFileType = wrapper.framework; name = Syphon.framework; path = Libraries/Syphon/Syphon.framework; sourceTree = "<group>"; };
		8F292C2120AA370300635C0D /* Cocoa.framework */ = {isa = PBXFileReference; lastKnownFileType = wrapper.framework; name = Cocoa.framework; path = System/Library/Frameworks/Cocoa.framework; sourceTree = SDKROOT; };
		8F292C2320AA370F00635C0D /* OpenGL.framework */ = {isa = PBXFileReference; lastKnownFileType = wrapper.framework; name = OpenGL.framework; path = System/Library/Frameworks/OpenGL.framework; sourceTree = SDKROOT; };
		8F2F341E20E7D96C001962D0 /* CCFBXTest.cpp */ = {isa = PBXFileReference; explicitFileType = sourcecode.cpp.objcpp; fileEncoding = 4; path = CCFBXTest.cpp; sourceTree = "<group>"; };
		8F2F341F20E7D96D001962D0 /* CCFBXTest.h */ = {isa = PBXFileReference; fileEncoding = 4; lastKnownFileType = sourcecode.c.h; path = CCFBXTest.h; sourceTree = "<group>"; };
		8F2F342120E7DE4F001962D0 /* Dance_all.vrx */ = {isa = PBXFileReference; fileEncoding = 4; lastKnownFileType = text; path = Dance_all.vrx; sourceTree = "<group>"; };
		8F2F343920F7A599001962D0 /* trap.vrx */ = {isa = PBXFileReference; lastKnownFileType = file; path = trap.vrx; sourceTree = "<group>"; };
		8F2F343A20F7A599001962D0 /* Jams_Lleg_white.png */ = {isa = PBXFileReference; lastKnownFileType = image.png; path = Jams_Lleg_white.png; sourceTree = "<group>"; };
		8F2F343B20F7A599001962D0 /* Jams_Rleg_white.png */ = {isa = PBXFileReference; lastKnownFileType = image.png; path = Jams_Rleg_white.png; sourceTree = "<group>"; };
		8F2F343C20F7A599001962D0 /* Trees_White_Rleg.png */ = {isa = PBXFileReference; lastKnownFileType = image.png; path = Trees_White_Rleg.png; sourceTree = "<group>"; };
		8F2F343D20F7A59A001962D0 /* Trees_White_All.png */ = {isa = PBXFileReference; lastKnownFileType = image.png; path = Trees_White_All.png; sourceTree = "<group>"; };
		8F2F343E20F7A59A001962D0 /* Trees_White_Larm.png */ = {isa = PBXFileReference; lastKnownFileType = image.png; path = Trees_White_Larm.png; sourceTree = "<group>"; };
		8F2F343F20F7A59A001962D0 /* Jams_Larm_white.png */ = {isa = PBXFileReference; lastKnownFileType = image.png; path = Jams_Larm_white.png; sourceTree = "<group>"; };
		8F2F344020F7A59A001962D0 /* Trees_White_Rarm.png */ = {isa = PBXFileReference; lastKnownFileType = image.png; path = Trees_White_Rarm.png; sourceTree = "<group>"; };
		8F2F344120F7A59A001962D0 /* Jams_Rarm_white.png */ = {isa = PBXFileReference; lastKnownFileType = image.png; path = Jams_Rarm_white.png; sourceTree = "<group>"; };
		8F2F344220F7A59A001962D0 /* Trees_White_BodyHead.png */ = {isa = PBXFileReference; lastKnownFileType = image.png; path = Trees_White_BodyHead.png; sourceTree = "<group>"; };
		8F2F344320F7A59A001962D0 /* Jams_All_white.png */ = {isa = PBXFileReference; lastKnownFileType = image.png; path = Jams_All_white.png; sourceTree = "<group>"; };
		8F2F344420F7A59A001962D0 /* Jams_bodyhead_white.png */ = {isa = PBXFileReference; lastKnownFileType = image.png; path = Jams_bodyhead_white.png; sourceTree = "<group>"; };
		8F2F344520F7A59A001962D0 /* Trees_White_Lleg.png */ = {isa = PBXFileReference; lastKnownFileType = image.png; path = Trees_White_Lleg.png; sourceTree = "<group>"; };
		8FDA1D1820DEC4AE005AFC70 /* animtest.vrx */ = {isa = PBXFileReference; fileEncoding = 4; lastKnownFileType = text; path = animtest.vrx; sourceTree = "<group>"; };
/* End PBXFileReference section */

/* Begin PBXFrameworksBuildPhase section */
		8F292BDC20A91F5C00635C0D /* Frameworks */ = {
			isa = PBXFrameworksBuildPhase;
			buildActionMask = 2147483647;
			files = (
				8F201C2920FA70CF00637A75 /* IOKit.framework in Frameworks */,
				8F292C2420AA370F00635C0D /* OpenGL.framework in Frameworks */,
				8F292C2220AA370300635C0D /* Cocoa.framework in Frameworks */,
				8F292C0620A9268400635C0D /* harfbuzz.framework in Frameworks */,
				8F292C1E20A9DF3A00635C0D /* Syphon.framework in Frameworks */,
				8F292C0A20A9269100635C0D /* ViroKit.framework in Frameworks */,
			);
			runOnlyForDeploymentPostprocessing = 0;
		};
/* End PBXFrameworksBuildPhase section */

/* Begin PBXGroup section */
		8F292BD620A91F5C00635C0D = {
			isa = PBXGroup;
			children = (
				8F292BE120A91F5C00635C0D /* CrowdControls */,
				8F292BE020A91F5C00635C0D /* Products */,
				8F292BF620A91F7D00635C0D /* Frameworks */,
			);
			sourceTree = "<group>";
		};
		8F292BE020A91F5C00635C0D /* Products */ = {
			isa = PBXGroup;
			children = (
				8F292BDF20A91F5C00635C0D /* CrowdControls.app */,
			);
			name = Products;
			sourceTree = "<group>";
		};
		8F292BE120A91F5C00635C0D /* CrowdControls */ = {
			isa = PBXGroup;
			children = (
				8F292C0E20A926D600635C0D /* Models */,
				8F292C0D20A926B600635C0D /* Images */,
				8F292BF920A91FF000635C0D /* CCRenderDelegate.h */,
				8F292BFA20A91FF000635C0D /* CCRenderDelegate.m */,
				8F292BFC20A91FF000635C0D /* CCViewController.h */,
				8F292BFB20A91FF000635C0D /* CCViewController.m */,
				8F2F341F20E7D96D001962D0 /* CCFBXTest.h */,
				8F2F341E20E7D96C001962D0 /* CCFBXTest.cpp */,
				8F201C2620FA6EEF00637A75 /* CCSignalReader.h */,
				8F201C2520FA6EEF00637A75 /* CCSignalReader.mm */,
				8F292BE220A91F5C00635C0D /* AppDelegate.h */,
				8F292BE320A91F5C00635C0D /* AppDelegate.m */,
				8F292BE520A91F5C00635C0D /* ViewController.h */,
				8F292BE620A91F5C00635C0D /* ViewController.m */,
				8F292BE820A91F5E00635C0D /* Assets.xcassets */,
				8F292BEA20A91F5E00635C0D /* Main.storyboard */,
				8F292BED20A91F5E00635C0D /* Info.plist */,
				8F292BEE20A91F5E00635C0D /* main.m */,
				8F292BF020A91F5E00635C0D /* CrowdControls.entitlements */,
			);
			path = CrowdControls;
			sourceTree = "<group>";
		};
		8F292BF620A91F7D00635C0D /* Frameworks */ = {
			isa = PBXGroup;
			children = (
				8F201C2820FA70CF00637A75 /* IOKit.framework */,
				8F292C2320AA370F00635C0D /* OpenGL.framework */,
				8F292C2120AA370300635C0D /* Cocoa.framework */,
				8F292C1D20A9DF3A00635C0D /* Syphon.framework */,
				8F292C0920A9269000635C0D /* ViroKit.framework */,
				8F292C0520A9268400635C0D /* harfbuzz.framework */,
			);
			name = Frameworks;
			sourceTree = "<group>";
		};
		8F292C0D20A926B600635C0D /* Images */ = {
			isa = PBXGroup;
			children = (
				8F292C0F20A9275A00635C0D /* ibl_mans_outside.hdr */,
			);
			path = Images;
			sourceTree = "<group>";
		};
		8F292C0E20A926D600635C0D /* Models */ = {
			isa = PBXGroup;
			children = (
				8F2F344320F7A59A001962D0 /* Jams_All_white.png */,
				8F2F344420F7A59A001962D0 /* Jams_bodyhead_white.png */,
				8F2F343F20F7A59A001962D0 /* Jams_Larm_white.png */,
				8F2F343A20F7A599001962D0 /* Jams_Lleg_white.png */,
				8F2F344120F7A59A001962D0 /* Jams_Rarm_white.png */,
				8F2F343B20F7A599001962D0 /* Jams_Rleg_white.png */,
				8F2F343920F7A599001962D0 /* trap.vrx */,
				8F2F343D20F7A59A001962D0 /* Trees_White_All.png */,
				8F2F344220F7A59A001962D0 /* Trees_White_BodyHead.png */,
				8F2F343E20F7A59A001962D0 /* Trees_White_Larm.png */,
				8F2F344520F7A59A001962D0 /* Trees_White_Lleg.png */,
				8F2F344020F7A59A001962D0 /* Trees_White_Rarm.png */,
				8F2F343C20F7A599001962D0 /* Trees_White_Rleg.png */,
				8F2F342120E7DE4F001962D0 /* Dance_all.vrx */,
				8FDA1D1820DEC4AE005AFC70 /* animtest.vrx */,
				8F292C1520A9276200635C0D /* blinn2_Base_Color.png */,
				8F292C1120A9276200635C0D /* blinn2_Metallic.png */,
				8F292C1620A9276200635C0D /* blinn2_Mixed_AO.png */,
				8F292C1220A9276200635C0D /* blinn2_Normal_DirectX.png */,
				8F292C1320A9276200635C0D /* blinn2_Roughness.png */,
				8F292C1420A9276200635C0D /* cylinder_pbr.vrx */,
			);
			path = Models;
			sourceTree = "<group>";
		};
/* End PBXGroup section */

/* Begin PBXNativeTarget section */
		8F292BDE20A91F5C00635C0D /* CrowdControls */ = {
			isa = PBXNativeTarget;
			buildConfigurationList = 8F292BF320A91F5E00635C0D /* Build configuration list for PBXNativeTarget "CrowdControls" */;
			buildPhases = (
				8F292BDB20A91F5C00635C0D /* Sources */,
				8F292BDC20A91F5C00635C0D /* Frameworks */,
				8F292BDD20A91F5C00635C0D /* Resources */,
				8F292C0820A9268400635C0D /* Embed Frameworks */,
			);
			buildRules = (
			);
			dependencies = (
			);
			name = CrowdControls;
			productName = CrowdControls;
			productReference = 8F292BDF20A91F5C00635C0D /* CrowdControls.app */;
			productType = "com.apple.product-type.application";
		};
/* End PBXNativeTarget section */

/* Begin PBXProject section */
		8F292BD720A91F5C00635C0D /* Project object */ = {
			isa = PBXProject;
			attributes = {
				LastUpgradeCheck = 0930;
				ORGANIZATIONNAME = "Raj Advani";
				TargetAttributes = {
					8F292BDE20A91F5C00635C0D = {
						CreatedOnToolsVersion = 9.3;
						SystemCapabilities = {
							com.apple.Sandbox = {
								enabled = 0;
							};
						};
					};
				};
			};
			buildConfigurationList = 8F292BDA20A91F5C00635C0D /* Build configuration list for PBXProject "CrowdControls" */;
			compatibilityVersion = "Xcode 9.3";
			developmentRegion = en;
			hasScannedForEncodings = 0;
			knownRegions = (
				en,
				Base,
			);
			mainGroup = 8F292BD620A91F5C00635C0D;
			productRefGroup = 8F292BE020A91F5C00635C0D /* Products */;
			projectDirPath = "";
			projectRoot = "";
			targets = (
				8F292BDE20A91F5C00635C0D /* CrowdControls */,
			);
		};
/* End PBXProject section */

/* Begin PBXResourcesBuildPhase section */
		8F292BDD20A91F5C00635C0D /* Resources */ = {
			isa = PBXResourcesBuildPhase;
			buildActionMask = 2147483647;
			files = (
				8F2F344820F7A59A001962D0 /* Jams_Rleg_white.png in Resources */,
				8F2F344A20F7A59A001962D0 /* Trees_White_All.png in Resources */,
				8F292BE920A91F5E00635C0D /* Assets.xcassets in Resources */,
				8F2F344720F7A59A001962D0 /* Jams_Lleg_white.png in Resources */,
				8F2F344620F7A59A001962D0 /* trap.vrx in Resources */,
				8F292C1C20A9276200635C0D /* blinn2_Mixed_AO.png in Resources */,
				8F2F344E20F7A59A001962D0 /* Jams_Rarm_white.png in Resources */,
				8F2F344D20F7A59A001962D0 /* Trees_White_Rarm.png in Resources */,
				8F2F342220E7DE4F001962D0 /* Dance_all.vrx in Resources */,
				8F292C1A20A9276200635C0D /* cylinder_pbr.vrx in Resources */,
				8F2F344C20F7A59A001962D0 /* Jams_Larm_white.png in Resources */,
				8F292C1820A9276200635C0D /* blinn2_Normal_DirectX.png in Resources */,
				8F2F345020F7A59A001962D0 /* Jams_All_white.png in Resources */,
				8F2F344B20F7A59A001962D0 /* Trees_White_Larm.png in Resources */,
				8F292C1720A9276200635C0D /* blinn2_Metallic.png in Resources */,
				8FDA1D1A20DEC4AE005AFC70 /* animtest.vrx in Resources */,
				8F292BEC20A91F5E00635C0D /* Main.storyboard in Resources */,
				8F292C1B20A9276200635C0D /* blinn2_Base_Color.png in Resources */,
				8F2F344920F7A59A001962D0 /* Trees_White_Rleg.png in Resources */,
				8F2F344F20F7A59A001962D0 /* Trees_White_BodyHead.png in Resources */,
				8F292C1020A9275A00635C0D /* ibl_mans_outside.hdr in Resources */,
				8F2F345220F7A59A001962D0 /* Trees_White_Lleg.png in Resources */,
				8F292C1920A9276200635C0D /* blinn2_Roughness.png in Resources */,
				8F2F345120F7A59A001962D0 /* Jams_bodyhead_white.png in Resources */,
			);
			runOnlyForDeploymentPostprocessing = 0;
		};
/* End PBXResourcesBuildPhase section */

/* Begin PBXSourcesBuildPhase section */
		8F292BDB20A91F5C00635C0D /* Sources */ = {
			isa = PBXSourcesBuildPhase;
			buildActionMask = 2147483647;
			files = (
				8F292BFD20A91FF000635C0D /* CCRenderDelegate.m in Sources */,
				8F201C2720FA6EEF00637A75 /* CCSignalReader.mm in Sources */,
				8F292BE720A91F5C00635C0D /* ViewController.m in Sources */,
				8F292BFE20A91FF000635C0D /* CCViewController.m in Sources */,
				8F292BEF20A91F5E00635C0D /* main.m in Sources */,
				8F2F342020E7D96D001962D0 /* CCFBXTest.cpp in Sources */,
				8F292BE420A91F5C00635C0D /* AppDelegate.m in Sources */,
			);
			runOnlyForDeploymentPostprocessing = 0;
		};
/* End PBXSourcesBuildPhase section */

/* Begin PBXVariantGroup section */
		8F292BEA20A91F5E00635C0D /* Main.storyboard */ = {
			isa = PBXVariantGroup;
			children = (
				8F292BEB20A91F5E00635C0D /* Base */,
			);
			name = Main.storyboard;
			sourceTree = "<group>";
		};
/* End PBXVariantGroup section */

/* Begin XCBuildConfiguration section */
		8F292BF120A91F5E00635C0D /* Debug */ = {
			isa = XCBuildConfiguration;
			buildSettings = {
				ALWAYS_SEARCH_USER_PATHS = NO;
				CLANG_ANALYZER_NONNULL = YES;
				CLANG_ANALYZER_NUMBER_OBJECT_CONVERSION = YES_AGGRESSIVE;
				CLANG_CXX_LANGUAGE_STANDARD = "gnu++14";
				CLANG_CXX_LIBRARY = "libc++";
				CLANG_ENABLE_MODULES = YES;
				CLANG_ENABLE_OBJC_ARC = YES;
				CLANG_ENABLE_OBJC_WEAK = YES;
				CLANG_WARN_BLOCK_CAPTURE_AUTORELEASING = YES;
				CLANG_WARN_BOOL_CONVERSION = YES;
				CLANG_WARN_COMMA = YES;
				CLANG_WARN_CONSTANT_CONVERSION = YES;
				CLANG_WARN_DEPRECATED_OBJC_IMPLEMENTATIONS = YES;
				CLANG_WARN_DIRECT_OBJC_ISA_USAGE = YES_ERROR;
				CLANG_WARN_DOCUMENTATION_COMMENTS = YES;
				CLANG_WARN_EMPTY_BODY = YES;
				CLANG_WARN_ENUM_CONVERSION = YES;
				CLANG_WARN_INFINITE_RECURSION = YES;
				CLANG_WARN_INT_CONVERSION = YES;
				CLANG_WARN_NON_LITERAL_NULL_CONVERSION = YES;
				CLANG_WARN_OBJC_IMPLICIT_RETAIN_SELF = YES;
				CLANG_WARN_OBJC_LITERAL_CONVERSION = YES;
				CLANG_WARN_OBJC_ROOT_CLASS = YES_ERROR;
				CLANG_WARN_RANGE_LOOP_ANALYSIS = YES;
				CLANG_WARN_STRICT_PROTOTYPES = YES;
				CLANG_WARN_SUSPICIOUS_MOVE = YES;
				CLANG_WARN_UNGUARDED_AVAILABILITY = YES_AGGRESSIVE;
				CLANG_WARN_UNREACHABLE_CODE = YES;
				CLANG_WARN__DUPLICATE_METHOD_MATCH = YES;
				CODE_SIGN_IDENTITY = "Mac Developer";
				COPY_PHASE_STRIP = NO;
				DEBUG_INFORMATION_FORMAT = dwarf;
				ENABLE_STRICT_OBJC_MSGSEND = YES;
				ENABLE_TESTABILITY = YES;
				GCC_C_LANGUAGE_STANDARD = gnu11;
				GCC_DYNAMIC_NO_PIC = NO;
				GCC_NO_COMMON_BLOCKS = YES;
				GCC_OPTIMIZATION_LEVEL = 0;
				GCC_PREPROCESSOR_DEFINITIONS = (
					"DEBUG=1",
					"$(inherited)",
				);
				GCC_WARN_64_TO_32_BIT_CONVERSION = YES;
				GCC_WARN_ABOUT_RETURN_TYPE = YES_ERROR;
				GCC_WARN_UNDECLARED_SELECTOR = YES;
				GCC_WARN_UNINITIALIZED_AUTOS = YES_AGGRESSIVE;
				GCC_WARN_UNUSED_FUNCTION = YES;
				GCC_WARN_UNUSED_VARIABLE = YES;
				MACOSX_DEPLOYMENT_TARGET = 10.13;
				MTL_ENABLE_DEBUG_INFO = YES;
				ONLY_ACTIVE_ARCH = YES;
				SDKROOT = macosx;
			};
			name = Debug;
		};
		8F292BF220A91F5E00635C0D /* Release */ = {
			isa = XCBuildConfiguration;
			buildSettings = {
				ALWAYS_SEARCH_USER_PATHS = NO;
				CLANG_ANALYZER_NONNULL = YES;
				CLANG_ANALYZER_NUMBER_OBJECT_CONVERSION = YES_AGGRESSIVE;
				CLANG_CXX_LANGUAGE_STANDARD = "gnu++14";
				CLANG_CXX_LIBRARY = "libc++";
				CLANG_ENABLE_MODULES = YES;
				CLANG_ENABLE_OBJC_ARC = YES;
				CLANG_ENABLE_OBJC_WEAK = YES;
				CLANG_WARN_BLOCK_CAPTURE_AUTORELEASING = YES;
				CLANG_WARN_BOOL_CONVERSION = YES;
				CLANG_WARN_COMMA = YES;
				CLANG_WARN_CONSTANT_CONVERSION = YES;
				CLANG_WARN_DEPRECATED_OBJC_IMPLEMENTATIONS = YES;
				CLANG_WARN_DIRECT_OBJC_ISA_USAGE = YES_ERROR;
				CLANG_WARN_DOCUMENTATION_COMMENTS = YES;
				CLANG_WARN_EMPTY_BODY = YES;
				CLANG_WARN_ENUM_CONVERSION = YES;
				CLANG_WARN_INFINITE_RECURSION = YES;
				CLANG_WARN_INT_CONVERSION = YES;
				CLANG_WARN_NON_LITERAL_NULL_CONVERSION = YES;
				CLANG_WARN_OBJC_IMPLICIT_RETAIN_SELF = YES;
				CLANG_WARN_OBJC_LITERAL_CONVERSION = YES;
				CLANG_WARN_OBJC_ROOT_CLASS = YES_ERROR;
				CLANG_WARN_RANGE_LOOP_ANALYSIS = YES;
				CLANG_WARN_STRICT_PROTOTYPES = YES;
				CLANG_WARN_SUSPICIOUS_MOVE = YES;
				CLANG_WARN_UNGUARDED_AVAILABILITY = YES_AGGRESSIVE;
				CLANG_WARN_UNREACHABLE_CODE = YES;
				CLANG_WARN__DUPLICATE_METHOD_MATCH = YES;
				CODE_SIGN_IDENTITY = "Mac Developer";
				COPY_PHASE_STRIP = NO;
				DEBUG_INFORMATION_FORMAT = "dwarf-with-dsym";
				ENABLE_NS_ASSERTIONS = NO;
				ENABLE_STRICT_OBJC_MSGSEND = YES;
				GCC_C_LANGUAGE_STANDARD = gnu11;
				GCC_NO_COMMON_BLOCKS = YES;
				GCC_WARN_64_TO_32_BIT_CONVERSION = YES;
				GCC_WARN_ABOUT_RETURN_TYPE = YES_ERROR;
				GCC_WARN_UNDECLARED_SELECTOR = YES;
				GCC_WARN_UNINITIALIZED_AUTOS = YES_AGGRESSIVE;
				GCC_WARN_UNUSED_FUNCTION = YES;
				GCC_WARN_UNUSED_VARIABLE = YES;
				MACOSX_DEPLOYMENT_TARGET = 10.13;
				MTL_ENABLE_DEBUG_INFO = NO;
				SDKROOT = macosx;
			};
			name = Release;
		};
		8F292BF420A91F5E00635C0D /* Debug */ = {
			isa = XCBuildConfiguration;
			buildSettings = {
				ASSETCATALOG_COMPILER_APPICON_NAME = AppIcon;
				CODE_SIGN_STYLE = Automatic;
				COMBINE_HIDPI_IMAGES = YES;
				DEVELOPMENT_TEAM = FX7DLGYQ33;
				FRAMEWORK_SEARCH_PATHS = (
					"$(PROJECT_DIR)/Libraries/Harfbuzz/x86_64",
					"$(PROJECT_DIR)/Libraries/Viro",
					"$(PROJECT_DIR)/Libraries/Syphon",
				);
				INFOPLIST_FILE = CrowdControls/Info.plist;
				LD_RUNPATH_SEARCH_PATHS = (
					"$(inherited)",
					"@executable_path/../Frameworks",
				);
				PRODUCT_BUNDLE_IDENTIFIER = com.rootpowder.CrowdControls;
				PRODUCT_NAME = "$(TARGET_NAME)";
			};
			name = Debug;
		};
		8F292BF520A91F5E00635C0D /* Release */ = {
			isa = XCBuildConfiguration;
			buildSettings = {
				ASSETCATALOG_COMPILER_APPICON_NAME = AppIcon;
				CODE_SIGN_STYLE = Automatic;
				COMBINE_HIDPI_IMAGES = YES;
				DEVELOPMENT_TEAM = FX7DLGYQ33;
				FRAMEWORK_SEARCH_PATHS = (
					"$(PROJECT_DIR)/Libraries/Harfbuzz/x86_64",
					"$(PROJECT_DIR)/Libraries/Viro",
					"$(PROJECT_DIR)/Libraries/Syphon",
				);
				INFOPLIST_FILE = CrowdControls/Info.plist;
				LD_RUNPATH_SEARCH_PATHS = (
					"$(inherited)",
					"@executable_path/../Frameworks",
				);
				PRODUCT_BUNDLE_IDENTIFIER = com.rootpowder.CrowdControls;
				PRODUCT_NAME = "$(TARGET_NAME)";
			};
			name = Release;
		};
/* End XCBuildConfiguration section */

/* Begin XCConfigurationList section */
		8F292BDA20A91F5C00635C0D /* Build configuration list for PBXProject "CrowdControls" */ = {
			isa = XCConfigurationList;
			buildConfigurations = (
				8F292BF120A91F5E00635C0D /* Debug */,
				8F292BF220A91F5E00635C0D /* Release */,
			);
			defaultConfigurationIsVisible = 0;
			defaultConfigurationName = Release;
		};
		8F292BF320A91F5E00635C0D /* Build configuration list for PBXNativeTarget "CrowdControls" */ = {
			isa = XCConfigurationList;
			buildConfigurations = (
				8F292BF420A91F5E00635C0D /* Debug */,
				8F292BF520A91F5E00635C0D /* Release */,
			);
			defaultConfigurationIsVisible = 0;
			defaultConfigurationName = Release;
		};
/* End XCConfigurationList section */
	};
	rootObject = 8F292BD720A91F5C00635C0D /* Project object */;
}
