// !$*UTF8*$!
{
	archiveVersion = 1;
	classes = {
	};
	objectVersion = 50;
	objects = {

/* Begin PBXBuildFile section */
		8F1DE3B8211D00B100C8749D /* AVFoundation.framework in Frameworks */ = {isa = PBXBuildFile; fileRef = 8F1DE3B7211D00B100C8749D /* AVFoundation.framework */; };
		8F1DE3BA211E57A700C8749D /* Jams.vrx in Resources */ = {isa = PBXBuildFile; fileRef = 8F1DE3B9211E57A700C8749D /* Jams.vrx */; };
		8F201C2720FA6EEF00637A75 /* CCSignalReader.mm in Sources */ = {isa = PBXBuildFile; fileRef = 8F201C2520FA6EEF00637A75 /* CCSignalReader.mm */; };
		8F201C2920FA70CF00637A75 /* IOKit.framework in Frameworks */ = {isa = PBXBuildFile; fileRef = 8F201C2820FA70CF00637A75 /* IOKit.framework */; };
		8F201C2C20FA9B4E00637A75 /* CCColumnSimulator.m in Sources */ = {isa = PBXBuildFile; fileRef = 8F201C2B20FA9B4E00637A75 /* CCColumnSimulator.m */; };
		8F201C2F20FAB08100637A75 /* CCDanceController.m in Sources */ = {isa = PBXBuildFile; fileRef = 8F201C2E20FAB08100637A75 /* CCDanceController.m */; };
		8F201C3120FAB14100637A75 /* CCAnimationScreen.m in Sources */ = {isa = PBXBuildFile; fileRef = 8F201C3020FAB14000637A75 /* CCAnimationScreen.m */; };
		8F201C3420FACBA800637A75 /* CCCountdownScene.cpp in Sources */ = {isa = PBXBuildFile; fileRef = 8F201C3320FACBA800637A75 /* CCCountdownScene.cpp */; };
		8F201C9E211B849E00637A75 /* Rfoot_Y.mp3 in Resources */ = {isa = PBXBuildFile; fileRef = 8F201C86211B849B00637A75 /* Rfoot_Y.mp3 */; };
		8F201C9F211B849E00637A75 /* Body_R.mp3 in Resources */ = {isa = PBXBuildFile; fileRef = 8F201C87211B849B00637A75 /* Body_R.mp3 */; };
		8F201CA0211B849E00637A75 /* Body_G.mp3 in Resources */ = {isa = PBXBuildFile; fileRef = 8F201C88211B849B00637A75 /* Body_G.mp3 */; };
		8F201CA1211B849E00637A75 /* Lfoot_G.mp3 in Resources */ = {isa = PBXBuildFile; fileRef = 8F201C89211B849B00637A75 /* Lfoot_G.mp3 */; };
		8F201CA2211B849E00637A75 /* Lfoot_Y.mp3 in Resources */ = {isa = PBXBuildFile; fileRef = 8F201C8A211B849B00637A75 /* Lfoot_Y.mp3 */; };
		8F201CA3211B849E00637A75 /* Drums_R.mp3 in Resources */ = {isa = PBXBuildFile; fileRef = 8F201C8B211B849C00637A75 /* Drums_R.mp3 */; };
		8F201CA4211B849E00637A75 /* Lhand_G.mp3 in Resources */ = {isa = PBXBuildFile; fileRef = 8F201C8C211B849C00637A75 /* Lhand_G.mp3 */; };
		8F201CA5211B849E00637A75 /* Rfoot_W.mp3 in Resources */ = {isa = PBXBuildFile; fileRef = 8F201C8D211B849C00637A75 /* Rfoot_W.mp3 */; };
		8F201CA6211B849E00637A75 /* Rhand_G.mp3 in Resources */ = {isa = PBXBuildFile; fileRef = 8F201C8E211B849C00637A75 /* Rhand_G.mp3 */; };
		8F201CA7211B849E00637A75 /* Lfoot_W.mp3 in Resources */ = {isa = PBXBuildFile; fileRef = 8F201C8F211B849C00637A75 /* Lfoot_W.mp3 */; };
		8F201CA8211B849E00637A75 /* Rhand_W.mp3 in Resources */ = {isa = PBXBuildFile; fileRef = 8F201C90211B849C00637A75 /* Rhand_W.mp3 */; };
		8F201CA9211B849E00637A75 /* Rfoot_G.mp3 in Resources */ = {isa = PBXBuildFile; fileRef = 8F201C91211B849C00637A75 /* Rfoot_G.mp3 */; };
		8F201CAA211B849E00637A75 /* Lfoot_R.mp3 in Resources */ = {isa = PBXBuildFile; fileRef = 8F201C92211B849C00637A75 /* Lfoot_R.mp3 */; };
		8F201CAB211B849E00637A75 /* Body_Y.mp3 in Resources */ = {isa = PBXBuildFile; fileRef = 8F201C93211B849C00637A75 /* Body_Y.mp3 */; };
		8F201CAC211B849E00637A75 /* Drums_G.mp3 in Resources */ = {isa = PBXBuildFile; fileRef = 8F201C94211B849C00637A75 /* Drums_G.mp3 */; };
		8F201CAD211B849E00637A75 /* Rhand_R.mp3 in Resources */ = {isa = PBXBuildFile; fileRef = 8F201C95211B849C00637A75 /* Rhand_R.mp3 */; };
		8F201CAE211B849E00637A75 /* Rhand_Y.mp3 in Resources */ = {isa = PBXBuildFile; fileRef = 8F201C96211B849D00637A75 /* Rhand_Y.mp3 */; };
		8F201CAF211B849E00637A75 /* Drums_W.mp3 in Resources */ = {isa = PBXBuildFile; fileRef = 8F201C97211B849D00637A75 /* Drums_W.mp3 */; };
		8F201CB0211B849E00637A75 /* Lhand_R.mp3 in Resources */ = {isa = PBXBuildFile; fileRef = 8F201C98211B849D00637A75 /* Lhand_R.mp3 */; };
		8F201CB1211B849E00637A75 /* Body_W.mp3 in Resources */ = {isa = PBXBuildFile; fileRef = 8F201C99211B849D00637A75 /* Body_W.mp3 */; };
		8F201CB2211B849E00637A75 /* Lhand_W.mp3 in Resources */ = {isa = PBXBuildFile; fileRef = 8F201C9A211B849D00637A75 /* Lhand_W.mp3 */; };
		8F201CB3211B849E00637A75 /* Lhand_Y.mp3 in Resources */ = {isa = PBXBuildFile; fileRef = 8F201C9B211B849D00637A75 /* Lhand_Y.mp3 */; };
		8F201CB4211B849E00637A75 /* Rfoot_R.mp3 in Resources */ = {isa = PBXBuildFile; fileRef = 8F201C9C211B849D00637A75 /* Rfoot_R.mp3 */; };
		8F201CB5211B849E00637A75 /* Drums_Y.mp3 in Resources */ = {isa = PBXBuildFile; fileRef = 8F201C9D211B849D00637A75 /* Drums_Y.mp3 */; };
		8F201CBB211B903200637A75 /* CCModelUtil.cpp in Sources */ = {isa = PBXBuildFile; fileRef = 8F201CB9211B903200637A75 /* CCModelUtil.cpp */; };
		8F292BE420A91F5C00635C0D /* AppDelegate.m in Sources */ = {isa = PBXBuildFile; fileRef = 8F292BE320A91F5C00635C0D /* AppDelegate.m */; };
		8F292BE720A91F5C00635C0D /* ViewController.m in Sources */ = {isa = PBXBuildFile; fileRef = 8F292BE620A91F5C00635C0D /* ViewController.m */; };
		8F292BE920A91F5E00635C0D /* Assets.xcassets in Resources */ = {isa = PBXBuildFile; fileRef = 8F292BE820A91F5E00635C0D /* Assets.xcassets */; };
		8F292BEC20A91F5E00635C0D /* Main.storyboard in Resources */ = {isa = PBXBuildFile; fileRef = 8F292BEA20A91F5E00635C0D /* Main.storyboard */; };
		8F292BEF20A91F5E00635C0D /* main.m in Sources */ = {isa = PBXBuildFile; fileRef = 8F292BEE20A91F5E00635C0D /* main.m */; };
		8F292BFE20A91FF000635C0D /* CCViewController.m in Sources */ = {isa = PBXBuildFile; fileRef = 8F292BFB20A91FF000635C0D /* CCViewController.m */; };
		8F292C0620A9268400635C0D /* harfbuzz.framework in Frameworks */ = {isa = PBXBuildFile; fileRef = 8F292C0520A9268400635C0D /* harfbuzz.framework */; };
		8F292C0720A9268400635C0D /* harfbuzz.framework in Embed Frameworks */ = {isa = PBXBuildFile; fileRef = 8F292C0520A9268400635C0D /* harfbuzz.framework */; settings = {ATTRIBUTES = (CodeSignOnCopy, RemoveHeadersOnCopy, ); }; };
		8F292C0A20A9269100635C0D /* ViroKit.framework in Frameworks */ = {isa = PBXBuildFile; fileRef = 8F292C0920A9269000635C0D /* ViroKit.framework */; };
		8F292C0B20A9269100635C0D /* ViroKit.framework in Embed Frameworks */ = {isa = PBXBuildFile; fileRef = 8F292C0920A9269000635C0D /* ViroKit.framework */; settings = {ATTRIBUTES = (CodeSignOnCopy, RemoveHeadersOnCopy, ); }; };
		8F292C1020A9275A00635C0D /* ibl_mans_outside.hdr in Resources */ = {isa = PBXBuildFile; fileRef = 8F292C0F20A9275A00635C0D /* ibl_mans_outside.hdr */; };
		8F292C1E20A9DF3A00635C0D /* Syphon.framework in Frameworks */ = {isa = PBXBuildFile; fileRef = 8F292C1D20A9DF3A00635C0D /* Syphon.framework */; };
		8F292C1F20A9DF3A00635C0D /* Syphon.framework in Embed Frameworks */ = {isa = PBXBuildFile; fileRef = 8F292C1D20A9DF3A00635C0D /* Syphon.framework */; settings = {ATTRIBUTES = (CodeSignOnCopy, RemoveHeadersOnCopy, ); }; };
		8F292C2220AA370300635C0D /* Cocoa.framework in Frameworks */ = {isa = PBXBuildFile; fileRef = 8F292C2120AA370300635C0D /* Cocoa.framework */; };
		8F292C2420AA370F00635C0D /* OpenGL.framework in Frameworks */ = {isa = PBXBuildFile; fileRef = 8F292C2320AA370F00635C0D /* OpenGL.framework */; };
		8F2F342020E7D96D001962D0 /* CCDanceScene.cpp in Sources */ = {isa = PBXBuildFile; fileRef = 8F2F341E20E7D96C001962D0 /* CCDanceScene.cpp */; };
		8F2F344720F7A59A001962D0 /* Jams_Lleg_white.png in Resources */ = {isa = PBXBuildFile; fileRef = 8F2F343A20F7A599001962D0 /* Jams_Lleg_white.png */; };
		8F2F344820F7A59A001962D0 /* Jams_Rleg_white.png in Resources */ = {isa = PBXBuildFile; fileRef = 8F2F343B20F7A599001962D0 /* Jams_Rleg_white.png */; };
		8F2F344920F7A59A001962D0 /* Trees_White_Rleg.png in Resources */ = {isa = PBXBuildFile; fileRef = 8F2F343C20F7A599001962D0 /* Trees_White_Rleg.png */; };
		8F2F344A20F7A59A001962D0 /* Trees_White_All.png in Resources */ = {isa = PBXBuildFile; fileRef = 8F2F343D20F7A59A001962D0 /* Trees_White_All.png */; };
		8F2F344B20F7A59A001962D0 /* Trees_White_Larm.png in Resources */ = {isa = PBXBuildFile; fileRef = 8F2F343E20F7A59A001962D0 /* Trees_White_Larm.png */; };
		8F2F344C20F7A59A001962D0 /* Jams_Larm_white.png in Resources */ = {isa = PBXBuildFile; fileRef = 8F2F343F20F7A59A001962D0 /* Jams_Larm_white.png */; };
		8F2F344D20F7A59A001962D0 /* Trees_White_Rarm.png in Resources */ = {isa = PBXBuildFile; fileRef = 8F2F344020F7A59A001962D0 /* Trees_White_Rarm.png */; };
		8F2F344E20F7A59A001962D0 /* Jams_Rarm_white.png in Resources */ = {isa = PBXBuildFile; fileRef = 8F2F344120F7A59A001962D0 /* Jams_Rarm_white.png */; };
		8F2F344F20F7A59A001962D0 /* Trees_White_BodyHead.png in Resources */ = {isa = PBXBuildFile; fileRef = 8F2F344220F7A59A001962D0 /* Trees_White_BodyHead.png */; };
		8F2F345120F7A59A001962D0 /* Jams_bodyhead_white.png in Resources */ = {isa = PBXBuildFile; fileRef = 8F2F344420F7A59A001962D0 /* Jams_bodyhead_white.png */; };
		8F2F345220F7A59A001962D0 /* Trees_White_Lleg.png in Resources */ = {isa = PBXBuildFile; fileRef = 8F2F344520F7A59A001962D0 /* Trees_White_Lleg.png */; };
		8F98F71221261A8A00917430 /* Trees.vrx in Resources */ = {isa = PBXBuildFile; fileRef = 8F98F71121261A8A00917430 /* Trees.vrx */; };
		8F98F71F2126244600917430 /* Ballet_HeadBody_white.png in Resources */ = {isa = PBXBuildFile; fileRef = 8F98F7132126244500917430 /* Ballet_HeadBody_white.png */; };
		8F98F7202126244600917430 /* Flattop_Larm_White.png in Resources */ = {isa = PBXBuildFile; fileRef = 8F98F7142126244500917430 /* Flattop_Larm_White.png */; };
		8F98F7212126244600917430 /* Ballet_Lleg_white.png in Resources */ = {isa = PBXBuildFile; fileRef = 8F98F7152126244500917430 /* Ballet_Lleg_white.png */; };
		8F98F7222126244600917430 /* Ballet_Larm_white.png in Resources */ = {isa = PBXBuildFile; fileRef = 8F98F7162126244500917430 /* Ballet_Larm_white.png */; };
		8F98F7232126244600917430 /* Ballet_Rarm_white.png in Resources */ = {isa = PBXBuildFile; fileRef = 8F98F7172126244500917430 /* Ballet_Rarm_white.png */; };
		8F98F7242126244600917430 /* Flattop_RLeg_White.png in Resources */ = {isa = PBXBuildFile; fileRef = 8F98F7182126244500917430 /* Flattop_RLeg_White.png */; };
		8F98F7252126244600917430 /* Ballet_Rleg_white.png in Resources */ = {isa = PBXBuildFile; fileRef = 8F98F7192126244500917430 /* Ballet_Rleg_white.png */; };
		8F98F7262126244600917430 /* Flattop_Rarm_White.png in Resources */ = {isa = PBXBuildFile; fileRef = 8F98F71A2126244500917430 /* Flattop_Rarm_White.png */; };
		8F98F7272126244600917430 /* Flattop_LLeg_White.png in Resources */ = {isa = PBXBuildFile; fileRef = 8F98F71B2126244500917430 /* Flattop_LLeg_White.png */; };
		8F98F7282126244600917430 /* Flattop_BodyHead_White.png in Resources */ = {isa = PBXBuildFile; fileRef = 8F98F71C2126244500917430 /* Flattop_BodyHead_White.png */; };
		8F98F7292126244600917430 /* Ballet.vrx in Resources */ = {isa = PBXBuildFile; fileRef = 8F98F71D2126244600917430 /* Ballet.vrx */; };
		8F98F72A2126244600917430 /* FlatTop.vrx in Resources */ = {isa = PBXBuildFile; fileRef = 8F98F71E2126244600917430 /* FlatTop.vrx */; };
		8F98F7372126244E00917430 /* Poof_Larm_white.png in Resources */ = {isa = PBXBuildFile; fileRef = 8F98F72B2126244D00917430 /* Poof_Larm_white.png */; };
		8F98F7382126244E00917430 /* Poof_Lleg_white.png in Resources */ = {isa = PBXBuildFile; fileRef = 8F98F72C2126244D00917430 /* Poof_Lleg_white.png */; };
		8F98F7392126244E00917430 /* Punk_Rarm_White.png in Resources */ = {isa = PBXBuildFile; fileRef = 8F98F72D2126244D00917430 /* Punk_Rarm_White.png */; };
		8F98F73A2126244E00917430 /* Poof_Body_white.png in Resources */ = {isa = PBXBuildFile; fileRef = 8F98F72E2126244D00917430 /* Poof_Body_white.png */; };
		8F98F73B2126244E00917430 /* Poof_Rleg_white.png in Resources */ = {isa = PBXBuildFile; fileRef = 8F98F72F2126244D00917430 /* Poof_Rleg_white.png */; };
		8F98F73C2126244E00917430 /* Punk_Lleg_White.png in Resources */ = {isa = PBXBuildFile; fileRef = 8F98F7302126244E00917430 /* Punk_Lleg_White.png */; };
		8F98F73D2126244E00917430 /* Punk_HeadBody_White.png in Resources */ = {isa = PBXBuildFile; fileRef = 8F98F7312126244E00917430 /* Punk_HeadBody_White.png */; };
		8F98F73E2126244E00917430 /* Punk_Larm_White.png in Resources */ = {isa = PBXBuildFile; fileRef = 8F98F7322126244E00917430 /* Punk_Larm_White.png */; };
		8F98F73F2126244E00917430 /* Poof.vrx in Resources */ = {isa = PBXBuildFile; fileRef = 8F98F7332126244E00917430 /* Poof.vrx */; };
		8F98F7402126244E00917430 /* Punk_Rleg_White.png in Resources */ = {isa = PBXBuildFile; fileRef = 8F98F7342126244E00917430 /* Punk_Rleg_White.png */; };
		8F98F7412126244E00917430 /* Punk.vrx in Resources */ = {isa = PBXBuildFile; fileRef = 8F98F7352126244E00917430 /* Punk.vrx */; };
		8F98F7422126244E00917430 /* Poof_Rarm_white.png in Resources */ = {isa = PBXBuildFile; fileRef = 8F98F7362126244E00917430 /* Poof_Rarm_white.png */; };
		8F98F746212648A700917430 /* CCJamsAnimationWeights.cpp in Sources */ = {isa = PBXBuildFile; fileRef = 8F98F744212648A700917430 /* CCJamsAnimationWeights.cpp */; };
		8F98F7492126490C00917430 /* CCTreeAnimationWeights.cpp in Sources */ = {isa = PBXBuildFile; fileRef = 8F98F7472126490C00917430 /* CCTreeAnimationWeights.cpp */; };
		8F98F75021267A9400917430 /* CCBeatDetection.m in Sources */ = {isa = PBXBuildFile; fileRef = 8F98F74F21267A9400917430 /* CCBeatDetection.m */; };
		8F98F75321267D5C00917430 /* Accelerate.framework in Frameworks */ = {isa = PBXBuildFile; fileRef = 8F98F75121267D5B00917430 /* Accelerate.framework */; };
		8F98F75421267D5C00917430 /* AudioToolbox.framework in Frameworks */ = {isa = PBXBuildFile; fileRef = 8F98F75221267D5B00917430 /* AudioToolbox.framework */; };
		8F98F757212707B400917430 /* aubio.framework in Frameworks */ = {isa = PBXBuildFile; fileRef = 8F98F756212707B300917430 /* aubio.framework */; };
		8F98F75A21270A0C00917430 /* CCAudioRecorder.m in Sources */ = {isa = PBXBuildFile; fileRef = 8F98F75921270A0C00917430 /* CCAudioRecorder.m */; };
		8F98F75C21272A0200917430 /* CoreAudio.framework in Frameworks */ = {isa = PBXBuildFile; fileRef = 8F98F75B21272A0200917430 /* CoreAudio.framework */; };
/* End PBXBuildFile section */

/* Begin PBXCopyFilesBuildPhase section */
		8F292C0820A9268400635C0D /* Embed Frameworks */ = {
			isa = PBXCopyFilesBuildPhase;
			buildActionMask = 2147483647;
			dstPath = "";
			dstSubfolderSpec = 10;
			files = (
				8F292C0720A9268400635C0D /* harfbuzz.framework in Embed Frameworks */,
				8F292C1F20A9DF3A00635C0D /* Syphon.framework in Embed Frameworks */,
				8F292C0B20A9269100635C0D /* ViroKit.framework in Embed Frameworks */,
			);
			name = "Embed Frameworks";
			runOnlyForDeploymentPostprocessing = 0;
		};
/* End PBXCopyFilesBuildPhase section */

/* Begin PBXFileReference section */
		8F1DE3B7211D00B100C8749D /* AVFoundation.framework */ = {isa = PBXFileReference; lastKnownFileType = wrapper.framework; name = AVFoundation.framework; path = System/Library/Frameworks/AVFoundation.framework; sourceTree = SDKROOT; };
		8F1DE3B9211E57A700C8749D /* Jams.vrx */ = {isa = PBXFileReference; lastKnownFileType = text; path = Jams.vrx; sourceTree = "<group>"; };
		8F201C2520FA6EEF00637A75 /* CCSignalReader.mm */ = {isa = PBXFileReference; explicitFileType = sourcecode.cpp.objcpp; path = CCSignalReader.mm; sourceTree = "<group>"; };
		8F201C2620FA6EEF00637A75 /* CCSignalReader.h */ = {isa = PBXFileReference; lastKnownFileType = sourcecode.c.h; path = CCSignalReader.h; sourceTree = "<group>"; };
		8F201C2820FA70CF00637A75 /* IOKit.framework */ = {isa = PBXFileReference; lastKnownFileType = wrapper.framework; name = IOKit.framework; path = System/Library/Frameworks/IOKit.framework; sourceTree = SDKROOT; };
		8F201C2A20FA9B4E00637A75 /* CCColumnSimulator.h */ = {isa = PBXFileReference; lastKnownFileType = sourcecode.c.h; path = CCColumnSimulator.h; sourceTree = "<group>"; };
		8F201C2B20FA9B4E00637A75 /* CCColumnSimulator.m */ = {isa = PBXFileReference; explicitFileType = sourcecode.cpp.objcpp; path = CCColumnSimulator.m; sourceTree = "<group>"; };
		8F201C2D20FAB08100637A75 /* CCDanceController.h */ = {isa = PBXFileReference; lastKnownFileType = sourcecode.c.h; path = CCDanceController.h; sourceTree = "<group>"; };
		8F201C2E20FAB08100637A75 /* CCDanceController.m */ = {isa = PBXFileReference; explicitFileType = sourcecode.cpp.objcpp; path = CCDanceController.m; sourceTree = "<group>"; };
		8F201C3020FAB14000637A75 /* CCAnimationScreen.m */ = {isa = PBXFileReference; explicitFileType = sourcecode.cpp.objcpp; fileEncoding = 4; path = CCAnimationScreen.m; sourceTree = "<group>"; };
		8F201C3220FACBA800637A75 /* CCCountdownScene.h */ = {isa = PBXFileReference; lastKnownFileType = sourcecode.c.h; path = CCCountdownScene.h; sourceTree = "<group>"; };
		8F201C3320FACBA800637A75 /* CCCountdownScene.cpp */ = {isa = PBXFileReference; explicitFileType = sourcecode.cpp.objcpp; path = CCCountdownScene.cpp; sourceTree = "<group>"; };
		8F201C86211B849B00637A75 /* Rfoot_Y.mp3 */ = {isa = PBXFileReference; lastKnownFileType = audio.mp3; name = Rfoot_Y.mp3; path = CrowdControls/Sound/Rfoot_Y.mp3; sourceTree = SOURCE_ROOT; };
		8F201C87211B849B00637A75 /* Body_R.mp3 */ = {isa = PBXFileReference; lastKnownFileType = audio.mp3; name = Body_R.mp3; path = CrowdControls/Sound/Body_R.mp3; sourceTree = SOURCE_ROOT; };
		8F201C88211B849B00637A75 /* Body_G.mp3 */ = {isa = PBXFileReference; lastKnownFileType = audio.mp3; name = Body_G.mp3; path = CrowdControls/Sound/Body_G.mp3; sourceTree = SOURCE_ROOT; };
		8F201C89211B849B00637A75 /* Lfoot_G.mp3 */ = {isa = PBXFileReference; lastKnownFileType = audio.mp3; name = Lfoot_G.mp3; path = CrowdControls/Sound/Lfoot_G.mp3; sourceTree = SOURCE_ROOT; };
		8F201C8A211B849B00637A75 /* Lfoot_Y.mp3 */ = {isa = PBXFileReference; lastKnownFileType = audio.mp3; name = Lfoot_Y.mp3; path = CrowdControls/Sound/Lfoot_Y.mp3; sourceTree = SOURCE_ROOT; };
		8F201C8B211B849C00637A75 /* Drums_R.mp3 */ = {isa = PBXFileReference; lastKnownFileType = audio.mp3; name = Drums_R.mp3; path = CrowdControls/Sound/Drums_R.mp3; sourceTree = SOURCE_ROOT; };
		8F201C8C211B849C00637A75 /* Lhand_G.mp3 */ = {isa = PBXFileReference; lastKnownFileType = audio.mp3; name = Lhand_G.mp3; path = CrowdControls/Sound/Lhand_G.mp3; sourceTree = SOURCE_ROOT; };
		8F201C8D211B849C00637A75 /* Rfoot_W.mp3 */ = {isa = PBXFileReference; lastKnownFileType = audio.mp3; name = Rfoot_W.mp3; path = CrowdControls/Sound/Rfoot_W.mp3; sourceTree = SOURCE_ROOT; };
		8F201C8E211B849C00637A75 /* Rhand_G.mp3 */ = {isa = PBXFileReference; lastKnownFileType = audio.mp3; name = Rhand_G.mp3; path = CrowdControls/Sound/Rhand_G.mp3; sourceTree = SOURCE_ROOT; };
		8F201C8F211B849C00637A75 /* Lfoot_W.mp3 */ = {isa = PBXFileReference; lastKnownFileType = audio.mp3; name = Lfoot_W.mp3; path = CrowdControls/Sound/Lfoot_W.mp3; sourceTree = SOURCE_ROOT; };
		8F201C90211B849C00637A75 /* Rhand_W.mp3 */ = {isa = PBXFileReference; lastKnownFileType = audio.mp3; name = Rhand_W.mp3; path = CrowdControls/Sound/Rhand_W.mp3; sourceTree = SOURCE_ROOT; };
		8F201C91211B849C00637A75 /* Rfoot_G.mp3 */ = {isa = PBXFileReference; lastKnownFileType = audio.mp3; name = Rfoot_G.mp3; path = CrowdControls/Sound/Rfoot_G.mp3; sourceTree = SOURCE_ROOT; };
		8F201C92211B849C00637A75 /* Lfoot_R.mp3 */ = {isa = PBXFileReference; lastKnownFileType = audio.mp3; name = Lfoot_R.mp3; path = CrowdControls/Sound/Lfoot_R.mp3; sourceTree = SOURCE_ROOT; };
		8F201C93211B849C00637A75 /* Body_Y.mp3 */ = {isa = PBXFileReference; lastKnownFileType = audio.mp3; name = Body_Y.mp3; path = CrowdControls/Sound/Body_Y.mp3; sourceTree = SOURCE_ROOT; };
		8F201C94211B849C00637A75 /* Drums_G.mp3 */ = {isa = PBXFileReference; lastKnownFileType = audio.mp3; name = Drums_G.mp3; path = CrowdControls/Sound/Drums_G.mp3; sourceTree = SOURCE_ROOT; };
		8F201C95211B849C00637A75 /* Rhand_R.mp3 */ = {isa = PBXFileReference; lastKnownFileType = audio.mp3; name = Rhand_R.mp3; path = CrowdControls/Sound/Rhand_R.mp3; sourceTree = SOURCE_ROOT; };
		8F201C96211B849D00637A75 /* Rhand_Y.mp3 */ = {isa = PBXFileReference; lastKnownFileType = audio.mp3; name = Rhand_Y.mp3; path = CrowdControls/Sound/Rhand_Y.mp3; sourceTree = SOURCE_ROOT; };
		8F201C97211B849D00637A75 /* Drums_W.mp3 */ = {isa = PBXFileReference; lastKnownFileType = audio.mp3; name = Drums_W.mp3; path = CrowdControls/Sound/Drums_W.mp3; sourceTree = SOURCE_ROOT; };
		8F201C98211B849D00637A75 /* Lhand_R.mp3 */ = {isa = PBXFileReference; lastKnownFileType = audio.mp3; name = Lhand_R.mp3; path = CrowdControls/Sound/Lhand_R.mp3; sourceTree = SOURCE_ROOT; };
		8F201C99211B849D00637A75 /* Body_W.mp3 */ = {isa = PBXFileReference; lastKnownFileType = audio.mp3; name = Body_W.mp3; path = CrowdControls/Sound/Body_W.mp3; sourceTree = SOURCE_ROOT; };
		8F201C9A211B849D00637A75 /* Lhand_W.mp3 */ = {isa = PBXFileReference; lastKnownFileType = audio.mp3; name = Lhand_W.mp3; path = CrowdControls/Sound/Lhand_W.mp3; sourceTree = SOURCE_ROOT; };
		8F201C9B211B849D00637A75 /* Lhand_Y.mp3 */ = {isa = PBXFileReference; lastKnownFileType = audio.mp3; name = Lhand_Y.mp3; path = CrowdControls/Sound/Lhand_Y.mp3; sourceTree = SOURCE_ROOT; };
		8F201C9C211B849D00637A75 /* Rfoot_R.mp3 */ = {isa = PBXFileReference; lastKnownFileType = audio.mp3; name = Rfoot_R.mp3; path = CrowdControls/Sound/Rfoot_R.mp3; sourceTree = SOURCE_ROOT; };
		8F201C9D211B849D00637A75 /* Drums_Y.mp3 */ = {isa = PBXFileReference; lastKnownFileType = audio.mp3; name = Drums_Y.mp3; path = CrowdControls/Sound/Drums_Y.mp3; sourceTree = SOURCE_ROOT; };
		8F201CB7211B892600637A75 /* CCScene.h */ = {isa = PBXFileReference; lastKnownFileType = sourcecode.c.h; path = CCScene.h; sourceTree = "<group>"; };
		8F201CB9211B903200637A75 /* CCModelUtil.cpp */ = {isa = PBXFileReference; explicitFileType = sourcecode.cpp.objcpp; path = CCModelUtil.cpp; sourceTree = "<group>"; };
		8F201CBA211B903200637A75 /* CCModelUtil.h */ = {isa = PBXFileReference; lastKnownFileType = sourcecode.c.h; path = CCModelUtil.h; sourceTree = "<group>"; };
		8F292BDF20A91F5C00635C0D /* CrowdControls.app */ = {isa = PBXFileReference; explicitFileType = wrapper.application; includeInIndex = 0; path = CrowdControls.app; sourceTree = BUILT_PRODUCTS_DIR; };
		8F292BE220A91F5C00635C0D /* AppDelegate.h */ = {isa = PBXFileReference; lastKnownFileType = sourcecode.c.h; path = AppDelegate.h; sourceTree = "<group>"; };
		8F292BE320A91F5C00635C0D /* AppDelegate.m */ = {isa = PBXFileReference; explicitFileType = sourcecode.cpp.objcpp; path = AppDelegate.m; sourceTree = "<group>"; };
		8F292BE520A91F5C00635C0D /* ViewController.h */ = {isa = PBXFileReference; lastKnownFileType = sourcecode.c.h; path = ViewController.h; sourceTree = "<group>"; };
		8F292BE620A91F5C00635C0D /* ViewController.m */ = {isa = PBXFileReference; lastKnownFileType = sourcecode.c.objc; path = ViewController.m; sourceTree = "<group>"; };
		8F292BE820A91F5E00635C0D /* Assets.xcassets */ = {isa = PBXFileReference; lastKnownFileType = folder.assetcatalog; path = Assets.xcassets; sourceTree = "<group>"; };
		8F292BEB20A91F5E00635C0D /* Base */ = {isa = PBXFileReference; lastKnownFileType = file.storyboard; name = Base; path = Base.lproj/Main.storyboard; sourceTree = "<group>"; };
		8F292BED20A91F5E00635C0D /* Info.plist */ = {isa = PBXFileReference; lastKnownFileType = text.plist.xml; path = Info.plist; sourceTree = "<group>"; };
		8F292BEE20A91F5E00635C0D /* main.m */ = {isa = PBXFileReference; lastKnownFileType = sourcecode.c.objc; path = main.m; sourceTree = "<group>"; };
		8F292BF020A91F5E00635C0D /* CrowdControls.entitlements */ = {isa = PBXFileReference; lastKnownFileType = text.plist.entitlements; path = CrowdControls.entitlements; sourceTree = "<group>"; };
		8F292BF920A91FF000635C0D /* CCAnimationScreen.h */ = {isa = PBXFileReference; fileEncoding = 4; lastKnownFileType = sourcecode.c.h; path = CCAnimationScreen.h; sourceTree = "<group>"; };
		8F292BFB20A91FF000635C0D /* CCViewController.m */ = {isa = PBXFileReference; explicitFileType = sourcecode.cpp.objcpp; fileEncoding = 4; path = CCViewController.m; sourceTree = "<group>"; };
		8F292BFC20A91FF000635C0D /* CCViewController.h */ = {isa = PBXFileReference; fileEncoding = 4; lastKnownFileType = sourcecode.c.h; path = CCViewController.h; sourceTree = "<group>"; };
		8F292C0520A9268400635C0D /* harfbuzz.framework */ = {isa = PBXFileReference; lastKnownFileType = wrapper.framework; name = harfbuzz.framework; path = Libraries/Harfbuzz/x86_64/harfbuzz.framework; sourceTree = "<group>"; };
		8F292C0920A9269000635C0D /* ViroKit.framework */ = {isa = PBXFileReference; lastKnownFileType = wrapper.framework; name = ViroKit.framework; path = Libraries/Viro/ViroKit.framework; sourceTree = "<group>"; };
		8F292C0F20A9275A00635C0D /* ibl_mans_outside.hdr */ = {isa = PBXFileReference; lastKnownFileType = file; path = ibl_mans_outside.hdr; sourceTree = "<group>"; };
		8F292C1D20A9DF3A00635C0D /* Syphon.framework */ = {isa = PBXFileReference; lastKnownFileType = wrapper.framework; name = Syphon.framework; path = Libraries/Syphon/Syphon.framework; sourceTree = "<group>"; };
		8F292C2120AA370300635C0D /* Cocoa.framework */ = {isa = PBXFileReference; lastKnownFileType = wrapper.framework; name = Cocoa.framework; path = System/Library/Frameworks/Cocoa.framework; sourceTree = SDKROOT; };
		8F292C2320AA370F00635C0D /* OpenGL.framework */ = {isa = PBXFileReference; lastKnownFileType = wrapper.framework; name = OpenGL.framework; path = System/Library/Frameworks/OpenGL.framework; sourceTree = SDKROOT; };
		8F2F341E20E7D96C001962D0 /* CCDanceScene.cpp */ = {isa = PBXFileReference; explicitFileType = sourcecode.cpp.objcpp; fileEncoding = 4; path = CCDanceScene.cpp; sourceTree = "<group>"; };
		8F2F341F20E7D96D001962D0 /* CCDanceScene.h */ = {isa = PBXFileReference; fileEncoding = 4; lastKnownFileType = sourcecode.c.h; path = CCDanceScene.h; sourceTree = "<group>"; };
		8F2F343A20F7A599001962D0 /* Jams_Lleg_white.png */ = {isa = PBXFileReference; lastKnownFileType = image.png; path = Jams_Lleg_white.png; sourceTree = "<group>"; };
		8F2F343B20F7A599001962D0 /* Jams_Rleg_white.png */ = {isa = PBXFileReference; lastKnownFileType = image.png; path = Jams_Rleg_white.png; sourceTree = "<group>"; };
		8F2F343C20F7A599001962D0 /* Trees_White_Rleg.png */ = {isa = PBXFileReference; lastKnownFileType = image.png; path = Trees_White_Rleg.png; sourceTree = "<group>"; };
		8F2F343D20F7A59A001962D0 /* Trees_White_All.png */ = {isa = PBXFileReference; lastKnownFileType = image.png; path = Trees_White_All.png; sourceTree = "<group>"; };
		8F2F343E20F7A59A001962D0 /* Trees_White_Larm.png */ = {isa = PBXFileReference; lastKnownFileType = image.png; path = Trees_White_Larm.png; sourceTree = "<group>"; };
		8F2F343F20F7A59A001962D0 /* Jams_Larm_white.png */ = {isa = PBXFileReference; lastKnownFileType = image.png; path = Jams_Larm_white.png; sourceTree = "<group>"; };
		8F2F344020F7A59A001962D0 /* Trees_White_Rarm.png */ = {isa = PBXFileReference; lastKnownFileType = image.png; path = Trees_White_Rarm.png; sourceTree = "<group>"; };
		8F2F344120F7A59A001962D0 /* Jams_Rarm_white.png */ = {isa = PBXFileReference; lastKnownFileType = image.png; path = Jams_Rarm_white.png; sourceTree = "<group>"; };
		8F2F344220F7A59A001962D0 /* Trees_White_BodyHead.png */ = {isa = PBXFileReference; lastKnownFileType = image.png; path = Trees_White_BodyHead.png; sourceTree = "<group>"; };
		8F2F344420F7A59A001962D0 /* Jams_bodyhead_white.png */ = {isa = PBXFileReference; lastKnownFileType = image.png; path = Jams_bodyhead_white.png; sourceTree = "<group>"; };
		8F2F344520F7A59A001962D0 /* Trees_White_Lleg.png */ = {isa = PBXFileReference; lastKnownFileType = image.png; path = Trees_White_Lleg.png; sourceTree = "<group>"; };
		8F98F71121261A8A00917430 /* Trees.vrx */ = {isa = PBXFileReference; lastKnownFileType = file; path = Trees.vrx; sourceTree = "<group>"; };
		8F98F7132126244500917430 /* Ballet_HeadBody_white.png */ = {isa = PBXFileReference; lastKnownFileType = image.png; path = Ballet_HeadBody_white.png; sourceTree = "<group>"; };
		8F98F7142126244500917430 /* Flattop_Larm_White.png */ = {isa = PBXFileReference; lastKnownFileType = image.png; path = Flattop_Larm_White.png; sourceTree = "<group>"; };
		8F98F7152126244500917430 /* Ballet_Lleg_white.png */ = {isa = PBXFileReference; lastKnownFileType = image.png; path = Ballet_Lleg_white.png; sourceTree = "<group>"; };
		8F98F7162126244500917430 /* Ballet_Larm_white.png */ = {isa = PBXFileReference; lastKnownFileType = image.png; path = Ballet_Larm_white.png; sourceTree = "<group>"; };
		8F98F7172126244500917430 /* Ballet_Rarm_white.png */ = {isa = PBXFileReference; lastKnownFileType = image.png; path = Ballet_Rarm_white.png; sourceTree = "<group>"; };
		8F98F7182126244500917430 /* Flattop_RLeg_White.png */ = {isa = PBXFileReference; lastKnownFileType = image.png; path = Flattop_RLeg_White.png; sourceTree = "<group>"; };
		8F98F7192126244500917430 /* Ballet_Rleg_white.png */ = {isa = PBXFileReference; lastKnownFileType = image.png; path = Ballet_Rleg_white.png; sourceTree = "<group>"; };
		8F98F71A2126244500917430 /* Flattop_Rarm_White.png */ = {isa = PBXFileReference; lastKnownFileType = image.png; path = Flattop_Rarm_White.png; sourceTree = "<group>"; };
		8F98F71B2126244500917430 /* Flattop_LLeg_White.png */ = {isa = PBXFileReference; lastKnownFileType = image.png; path = Flattop_LLeg_White.png; sourceTree = "<group>"; };
		8F98F71C2126244500917430 /* Flattop_BodyHead_White.png */ = {isa = PBXFileReference; lastKnownFileType = image.png; path = Flattop_BodyHead_White.png; sourceTree = "<group>"; };
		8F98F71D2126244600917430 /* Ballet.vrx */ = {isa = PBXFileReference; fileEncoding = 4; lastKnownFileType = text; path = Ballet.vrx; sourceTree = "<group>"; };
		8F98F71E2126244600917430 /* FlatTop.vrx */ = {isa = PBXFileReference; fileEncoding = 4; lastKnownFileType = text; path = FlatTop.vrx; sourceTree = "<group>"; };
		8F98F72B2126244D00917430 /* Poof_Larm_white.png */ = {isa = PBXFileReference; lastKnownFileType = image.png; path = Poof_Larm_white.png; sourceTree = "<group>"; };
		8F98F72C2126244D00917430 /* Poof_Lleg_white.png */ = {isa = PBXFileReference; lastKnownFileType = image.png; path = Poof_Lleg_white.png; sourceTree = "<group>"; };
		8F98F72D2126244D00917430 /* Punk_Rarm_White.png */ = {isa = PBXFileReference; lastKnownFileType = image.png; path = Punk_Rarm_White.png; sourceTree = "<group>"; };
		8F98F72E2126244D00917430 /* Poof_Body_white.png */ = {isa = PBXFileReference; lastKnownFileType = image.png; path = Poof_Body_white.png; sourceTree = "<group>"; };
		8F98F72F2126244D00917430 /* Poof_Rleg_white.png */ = {isa = PBXFileReference; lastKnownFileType = image.png; path = Poof_Rleg_white.png; sourceTree = "<group>"; };
		8F98F7302126244E00917430 /* Punk_Lleg_White.png */ = {isa = PBXFileReference; lastKnownFileType = image.png; path = Punk_Lleg_White.png; sourceTree = "<group>"; };
		8F98F7312126244E00917430 /* Punk_HeadBody_White.png */ = {isa = PBXFileReference; lastKnownFileType = image.png; path = Punk_HeadBody_White.png; sourceTree = "<group>"; };
		8F98F7322126244E00917430 /* Punk_Larm_White.png */ = {isa = PBXFileReference; lastKnownFileType = image.png; path = Punk_Larm_White.png; sourceTree = "<group>"; };
		8F98F7332126244E00917430 /* Poof.vrx */ = {isa = PBXFileReference; fileEncoding = 4; lastKnownFileType = text; path = Poof.vrx; sourceTree = "<group>"; };
		8F98F7342126244E00917430 /* Punk_Rleg_White.png */ = {isa = PBXFileReference; lastKnownFileType = image.png; path = Punk_Rleg_White.png; sourceTree = "<group>"; };
		8F98F7352126244E00917430 /* Punk.vrx */ = {isa = PBXFileReference; fileEncoding = 4; lastKnownFileType = text; path = Punk.vrx; sourceTree = "<group>"; };
		8F98F7362126244E00917430 /* Poof_Rarm_white.png */ = {isa = PBXFileReference; lastKnownFileType = image.png; path = Poof_Rarm_white.png; sourceTree = "<group>"; };
		8F98F7432126484700917430 /* CCAnimationWeights.h */ = {isa = PBXFileReference; lastKnownFileType = sourcecode.c.h; path = CCAnimationWeights.h; sourceTree = "<group>"; };
		8F98F744212648A700917430 /* CCJamsAnimationWeights.cpp */ = {isa = PBXFileReference; explicitFileType = sourcecode.cpp.objcpp; path = CCJamsAnimationWeights.cpp; sourceTree = "<group>"; };
		8F98F745212648A700917430 /* CCJamsAnimationWeights.h */ = {isa = PBXFileReference; lastKnownFileType = sourcecode.c.h; path = CCJamsAnimationWeights.h; sourceTree = "<group>"; };
		8F98F7472126490C00917430 /* CCTreeAnimationWeights.cpp */ = {isa = PBXFileReference; explicitFileType = sourcecode.cpp.objcpp; path = CCTreeAnimationWeights.cpp; sourceTree = "<group>"; };
		8F98F7482126490C00917430 /* CCTreeAnimationWeights.h */ = {isa = PBXFileReference; lastKnownFileType = sourcecode.c.h; path = CCTreeAnimationWeights.h; sourceTree = "<group>"; };
		8F98F74E21267A9400917430 /* CCBeatDetection.h */ = {isa = PBXFileReference; lastKnownFileType = sourcecode.c.h; path = CCBeatDetection.h; sourceTree = "<group>"; };
		8F98F74F21267A9400917430 /* CCBeatDetection.m */ = {isa = PBXFileReference; lastKnownFileType = sourcecode.c.objc; path = CCBeatDetection.m; sourceTree = "<group>"; };
		8F98F75121267D5B00917430 /* Accelerate.framework */ = {isa = PBXFileReference; lastKnownFileType = wrapper.framework; name = Accelerate.framework; path = System/Library/Frameworks/Accelerate.framework; sourceTree = SDKROOT; };
		8F98F75221267D5B00917430 /* AudioToolbox.framework */ = {isa = PBXFileReference; lastKnownFileType = wrapper.framework; name = AudioToolbox.framework; path = System/Library/Frameworks/AudioToolbox.framework; sourceTree = SDKROOT; };
		8F98F756212707B300917430 /* aubio.framework */ = {isa = PBXFileReference; lastKnownFileType = wrapper.framework; name = aubio.framework; path = Libraries/Aubio/aubio.framework; sourceTree = "<group>"; };
		8F98F75821270A0C00917430 /* CCAudioRecorder.h */ = {isa = PBXFileReference; lastKnownFileType = sourcecode.c.h; path = CCAudioRecorder.h; sourceTree = "<group>"; };
		8F98F75921270A0C00917430 /* CCAudioRecorder.m */ = {isa = PBXFileReference; explicitFileType = sourcecode.cpp.objcpp; path = CCAudioRecorder.m; sourceTree = "<group>"; };
		8F98F75B21272A0200917430 /* CoreAudio.framework */ = {isa = PBXFileReference; lastKnownFileType = wrapper.framework; name = CoreAudio.framework; path = System/Library/Frameworks/CoreAudio.framework; sourceTree = SDKROOT; };
/* End PBXFileReference section */

/* Begin PBXFrameworksBuildPhase section */
		8F292BDC20A91F5C00635C0D /* Frameworks */ = {
			isa = PBXFrameworksBuildPhase;
			buildActionMask = 2147483647;
			files = (
				8F98F75C21272A0200917430 /* CoreAudio.framework in Frameworks */,
				8F98F75321267D5C00917430 /* Accelerate.framework in Frameworks */,
				8F98F75421267D5C00917430 /* AudioToolbox.framework in Frameworks */,
				8F1DE3B8211D00B100C8749D /* AVFoundation.framework in Frameworks */,
				8F201C2920FA70CF00637A75 /* IOKit.framework in Frameworks */,
				8F292C2420AA370F00635C0D /* OpenGL.framework in Frameworks */,
				8F292C2220AA370300635C0D /* Cocoa.framework in Frameworks */,
				8F292C0620A9268400635C0D /* harfbuzz.framework in Frameworks */,
				8F98F757212707B400917430 /* aubio.framework in Frameworks */,
				8F292C1E20A9DF3A00635C0D /* Syphon.framework in Frameworks */,
				8F292C0A20A9269100635C0D /* ViroKit.framework in Frameworks */,
			);
			runOnlyForDeploymentPostprocessing = 0;
		};
/* End PBXFrameworksBuildPhase section */

/* Begin PBXGroup section */
		8F201C85211B83BA00637A75 /* Sound */ = {
			isa = PBXGroup;
			children = (
				8F201C88211B849B00637A75 /* Body_G.mp3 */,
				8F201C87211B849B00637A75 /* Body_R.mp3 */,
				8F201C99211B849D00637A75 /* Body_W.mp3 */,
				8F201C93211B849C00637A75 /* Body_Y.mp3 */,
				8F201C94211B849C00637A75 /* Drums_G.mp3 */,
				8F201C8B211B849C00637A75 /* Drums_R.mp3 */,
				8F201C97211B849D00637A75 /* Drums_W.mp3 */,
				8F201C9D211B849D00637A75 /* Drums_Y.mp3 */,
				8F201C89211B849B00637A75 /* Lfoot_G.mp3 */,
				8F201C92211B849C00637A75 /* Lfoot_R.mp3 */,
				8F201C8F211B849C00637A75 /* Lfoot_W.mp3 */,
				8F201C8A211B849B00637A75 /* Lfoot_Y.mp3 */,
				8F201C8C211B849C00637A75 /* Lhand_G.mp3 */,
				8F201C98211B849D00637A75 /* Lhand_R.mp3 */,
				8F201C9A211B849D00637A75 /* Lhand_W.mp3 */,
				8F201C9B211B849D00637A75 /* Lhand_Y.mp3 */,
				8F201C91211B849C00637A75 /* Rfoot_G.mp3 */,
				8F201C9C211B849D00637A75 /* Rfoot_R.mp3 */,
				8F201C8D211B849C00637A75 /* Rfoot_W.mp3 */,
				8F201C86211B849B00637A75 /* Rfoot_Y.mp3 */,
				8F201C8E211B849C00637A75 /* Rhand_G.mp3 */,
				8F201C95211B849C00637A75 /* Rhand_R.mp3 */,
				8F201C90211B849C00637A75 /* Rhand_W.mp3 */,
				8F201C96211B849D00637A75 /* Rhand_Y.mp3 */,
			);
			name = Sound;
			path = "New Group";
			sourceTree = "<group>";
		};
		8F292BD620A91F5C00635C0D = {
			isa = PBXGroup;
			children = (
				8F292BE120A91F5C00635C0D /* CrowdControls */,
				8F292BE020A91F5C00635C0D /* Products */,
				8F292BF620A91F7D00635C0D /* Frameworks */,
			);
			sourceTree = "<group>";
		};
		8F292BE020A91F5C00635C0D /* Products */ = {
			isa = PBXGroup;
			children = (
				8F292BDF20A91F5C00635C0D /* CrowdControls.app */,
			);
			name = Products;
			sourceTree = "<group>";
		};
		8F292BE120A91F5C00635C0D /* CrowdControls */ = {
			isa = PBXGroup;
			children = (
				8F201C85211B83BA00637A75 /* Sound */,
				8F292C0E20A926D600635C0D /* Models */,
				8F292C0D20A926B600635C0D /* Images */,
				8F292BF920A91FF000635C0D /* CCAnimationScreen.h */,
				8F201C3020FAB14000637A75 /* CCAnimationScreen.m */,
				8F292BFC20A91FF000635C0D /* CCViewController.h */,
				8F292BFB20A91FF000635C0D /* CCViewController.m */,
				8F201CB7211B892600637A75 /* CCScene.h */,
				8F2F341F20E7D96D001962D0 /* CCDanceScene.h */,
				8F2F341E20E7D96C001962D0 /* CCDanceScene.cpp */,
				8F201C3220FACBA800637A75 /* CCCountdownScene.h */,
				8F201C3320FACBA800637A75 /* CCCountdownScene.cpp */,
				8F201C2620FA6EEF00637A75 /* CCSignalReader.h */,
				8F201C2520FA6EEF00637A75 /* CCSignalReader.mm */,
				8F292BE520A91F5C00635C0D /* ViewController.h */,
				8F292BE620A91F5C00635C0D /* ViewController.m */,
				8F201C2A20FA9B4E00637A75 /* CCColumnSimulator.h */,
				8F201C2B20FA9B4E00637A75 /* CCColumnSimulator.m */,
				8F201C2D20FAB08100637A75 /* CCDanceController.h */,
				8F201C2E20FAB08100637A75 /* CCDanceController.m */,
				8F201CBA211B903200637A75 /* CCModelUtil.h */,
				8F201CB9211B903200637A75 /* CCModelUtil.cpp */,
				8F98F7432126484700917430 /* CCAnimationWeights.h */,
				8F98F745212648A700917430 /* CCJamsAnimationWeights.h */,
				8F98F744212648A700917430 /* CCJamsAnimationWeights.cpp */,
				8F98F7482126490C00917430 /* CCTreeAnimationWeights.h */,
				8F98F7472126490C00917430 /* CCTreeAnimationWeights.cpp */,
				8F98F74E21267A9400917430 /* CCBeatDetection.h */,
				8F98F74F21267A9400917430 /* CCBeatDetection.m */,
				8F98F75821270A0C00917430 /* CCAudioRecorder.h */,
				8F98F75921270A0C00917430 /* CCAudioRecorder.m */,
				8F292BE220A91F5C00635C0D /* AppDelegate.h */,
				8F292BE320A91F5C00635C0D /* AppDelegate.m */,
				8F292BE820A91F5E00635C0D /* Assets.xcassets */,
				8F292BEA20A91F5E00635C0D /* Main.storyboard */,
				8F292BED20A91F5E00635C0D /* Info.plist */,
				8F292BEE20A91F5E00635C0D /* main.m */,
				8F292BF020A91F5E00635C0D /* CrowdControls.entitlements */,
			);
			path = CrowdControls;
			sourceTree = "<group>";
		};
		8F292BF620A91F7D00635C0D /* Frameworks */ = {
			isa = PBXGroup;
			children = (
				8F98F75B21272A0200917430 /* CoreAudio.framework */,
				8F98F756212707B300917430 /* aubio.framework */,
				8F98F75121267D5B00917430 /* Accelerate.framework */,
				8F98F75221267D5B00917430 /* AudioToolbox.framework */,
				8F1DE3B7211D00B100C8749D /* AVFoundation.framework */,
				8F201C2820FA70CF00637A75 /* IOKit.framework */,
				8F292C2320AA370F00635C0D /* OpenGL.framework */,
				8F292C2120AA370300635C0D /* Cocoa.framework */,
				8F292C1D20A9DF3A00635C0D /* Syphon.framework */,
				8F292C0920A9269000635C0D /* ViroKit.framework */,
				8F292C0520A9268400635C0D /* harfbuzz.framework */,
			);
			name = Frameworks;
			sourceTree = "<group>";
		};
		8F292C0D20A926B600635C0D /* Images */ = {
			isa = PBXGroup;
			children = (
				8F292C0F20A9275A00635C0D /* ibl_mans_outside.hdr */,
			);
			path = Images;
			sourceTree = "<group>";
		};
		8F292C0E20A926D600635C0D /* Models */ = {
			isa = PBXGroup;
			children = (
				8F98F72E2126244D00917430 /* Poof_Body_white.png */,
				8F98F72B2126244D00917430 /* Poof_Larm_white.png */,
				8F98F72C2126244D00917430 /* Poof_Lleg_white.png */,
				8F98F7362126244E00917430 /* Poof_Rarm_white.png */,
				8F98F72F2126244D00917430 /* Poof_Rleg_white.png */,
				8F98F7332126244E00917430 /* Poof.vrx */,
				8F98F7312126244E00917430 /* Punk_HeadBody_White.png */,
				8F98F7322126244E00917430 /* Punk_Larm_White.png */,
				8F98F7302126244E00917430 /* Punk_Lleg_White.png */,
				8F98F72D2126244D00917430 /* Punk_Rarm_White.png */,
				8F98F7342126244E00917430 /* Punk_Rleg_White.png */,
				8F98F7352126244E00917430 /* Punk.vrx */,
				8F98F7132126244500917430 /* Ballet_HeadBody_white.png */,
				8F98F7162126244500917430 /* Ballet_Larm_white.png */,
				8F98F7152126244500917430 /* Ballet_Lleg_white.png */,
				8F98F7172126244500917430 /* Ballet_Rarm_white.png */,
				8F98F7192126244500917430 /* Ballet_Rleg_white.png */,
				8F98F71D2126244600917430 /* Ballet.vrx */,
				8F98F71C2126244500917430 /* Flattop_BodyHead_White.png */,
				8F98F7142126244500917430 /* Flattop_Larm_White.png */,
				8F98F71B2126244500917430 /* Flattop_LLeg_White.png */,
				8F98F71A2126244500917430 /* Flattop_Rarm_White.png */,
				8F98F7182126244500917430 /* Flattop_RLeg_White.png */,
				8F98F71E2126244600917430 /* FlatTop.vrx */,
				8F2F344420F7A59A001962D0 /* Jams_bodyhead_white.png */,
				8F2F343F20F7A59A001962D0 /* Jams_Larm_white.png */,
				8F2F343A20F7A599001962D0 /* Jams_Lleg_white.png */,
				8F2F344120F7A59A001962D0 /* Jams_Rarm_white.png */,
				8F2F343B20F7A599001962D0 /* Jams_Rleg_white.png */,
				8F1DE3B9211E57A700C8749D /* Jams.vrx */,
				8F2F343D20F7A59A001962D0 /* Trees_White_All.png */,
				8F2F344220F7A59A001962D0 /* Trees_White_BodyHead.png */,
				8F2F343E20F7A59A001962D0 /* Trees_White_Larm.png */,
				8F2F344520F7A59A001962D0 /* Trees_White_Lleg.png */,
				8F2F344020F7A59A001962D0 /* Trees_White_Rarm.png */,
				8F2F343C20F7A599001962D0 /* Trees_White_Rleg.png */,
				8F98F71121261A8A00917430 /* Trees.vrx */,
			);
			path = Models;
			sourceTree = "<group>";
		};
/* End PBXGroup section */

/* Begin PBXNativeTarget section */
		8F292BDE20A91F5C00635C0D /* CrowdControls */ = {
			isa = PBXNativeTarget;
			buildConfigurationList = 8F292BF320A91F5E00635C0D /* Build configuration list for PBXNativeTarget "CrowdControls" */;
			buildPhases = (
				8F292BDB20A91F5C00635C0D /* Sources */,
				8F292BDC20A91F5C00635C0D /* Frameworks */,
				8F292BDD20A91F5C00635C0D /* Resources */,
				8F292C0820A9268400635C0D /* Embed Frameworks */,
			);
			buildRules = (
			);
			dependencies = (
			);
			name = CrowdControls;
			productName = CrowdControls;
			productReference = 8F292BDF20A91F5C00635C0D /* CrowdControls.app */;
			productType = "com.apple.product-type.application";
		};
/* End PBXNativeTarget section */

/* Begin PBXProject section */
		8F292BD720A91F5C00635C0D /* Project object */ = {
			isa = PBXProject;
			attributes = {
				LastUpgradeCheck = 0930;
				ORGANIZATIONNAME = "Raj Advani";
				TargetAttributes = {
					8F292BDE20A91F5C00635C0D = {
						CreatedOnToolsVersion = 9.3;
						SystemCapabilities = {
							com.apple.Sandbox = {
								enabled = 1;
							};
						};
					};
				};
			};
			buildConfigurationList = 8F292BDA20A91F5C00635C0D /* Build configuration list for PBXProject "CrowdControls" */;
			compatibilityVersion = "Xcode 9.3";
			developmentRegion = en;
			hasScannedForEncodings = 0;
			knownRegions = (
				en,
				Base,
			);
			mainGroup = 8F292BD620A91F5C00635C0D;
			productRefGroup = 8F292BE020A91F5C00635C0D /* Products */;
			projectDirPath = "";
			projectRoot = "";
			targets = (
				8F292BDE20A91F5C00635C0D /* CrowdControls */,
			);
		};
/* End PBXProject section */

/* Begin PBXResourcesBuildPhase section */
		8F292BDD20A91F5C00635C0D /* Resources */ = {
			isa = PBXResourcesBuildPhase;
			buildActionMask = 2147483647;
			files = (
				8F2F344820F7A59A001962D0 /* Jams_Rleg_white.png in Resources */,
				8F201CA3211B849E00637A75 /* Drums_R.mp3 in Resources */,
				8F201CA2211B849E00637A75 /* Lfoot_Y.mp3 in Resources */,
				8F2F344A20F7A59A001962D0 /* Trees_White_All.png in Resources */,
				8F98F7262126244600917430 /* Flattop_Rarm_White.png in Resources */,
				8F98F7382126244E00917430 /* Poof_Lleg_white.png in Resources */,
				8F201CA6211B849E00637A75 /* Rhand_G.mp3 in Resources */,
				8F292BE920A91F5E00635C0D /* Assets.xcassets in Resources */,
				8F2F344720F7A59A001962D0 /* Jams_Lleg_white.png in Resources */,
				8F2F344E20F7A59A001962D0 /* Jams_Rarm_white.png in Resources */,
				8F201CA8211B849E00637A75 /* Rhand_W.mp3 in Resources */,
				8F98F7422126244E00917430 /* Poof_Rarm_white.png in Resources */,
				8F98F71221261A8A00917430 /* Trees.vrx in Resources */,
				8F201CA5211B849E00637A75 /* Rfoot_W.mp3 in Resources */,
				8F201CAA211B849E00637A75 /* Lfoot_R.mp3 in Resources */,
				8F201CA1211B849E00637A75 /* Lfoot_G.mp3 in Resources */,
				8F2F344D20F7A59A001962D0 /* Trees_White_Rarm.png in Resources */,
				8F98F72A2126244600917430 /* FlatTop.vrx in Resources */,
				8F201CAD211B849E00637A75 /* Rhand_R.mp3 in Resources */,
				8F201CAF211B849E00637A75 /* Drums_W.mp3 in Resources */,
				8F201CA4211B849E00637A75 /* Lhand_G.mp3 in Resources */,
				8F98F7292126244600917430 /* Ballet.vrx in Resources */,
				8F98F7402126244E00917430 /* Punk_Rleg_White.png in Resources */,
				8F201CB3211B849E00637A75 /* Lhand_Y.mp3 in Resources */,
				8F201CA9211B849E00637A75 /* Rfoot_G.mp3 in Resources */,
				8F98F7212126244600917430 /* Ballet_Lleg_white.png in Resources */,
				8F2F344C20F7A59A001962D0 /* Jams_Larm_white.png in Resources */,
				8F201CB0211B849E00637A75 /* Lhand_R.mp3 in Resources */,
				8F201CB2211B849E00637A75 /* Lhand_W.mp3 in Resources */,
				8F98F7202126244600917430 /* Flattop_Larm_White.png in Resources */,
				8F201CAB211B849E00637A75 /* Body_Y.mp3 in Resources */,
				8F201CB5211B849E00637A75 /* Drums_Y.mp3 in Resources */,
				8F98F7252126244600917430 /* Ballet_Rleg_white.png in Resources */,
				8F98F7242126244600917430 /* Flattop_RLeg_White.png in Resources */,
				8F2F344B20F7A59A001962D0 /* Trees_White_Larm.png in Resources */,
				8F292BEC20A91F5E00635C0D /* Main.storyboard in Resources */,
				8F98F71F2126244600917430 /* Ballet_HeadBody_white.png in Resources */,
				8F201CA7211B849E00637A75 /* Lfoot_W.mp3 in Resources */,
				8F98F73B2126244E00917430 /* Poof_Rleg_white.png in Resources */,
				8F201CAC211B849E00637A75 /* Drums_G.mp3 in Resources */,
				8F98F7282126244600917430 /* Flattop_BodyHead_White.png in Resources */,
				8F201C9E211B849E00637A75 /* Rfoot_Y.mp3 in Resources */,
				8F201C9F211B849E00637A75 /* Body_R.mp3 in Resources */,
				8F98F7272126244600917430 /* Flattop_LLeg_White.png in Resources */,
				8F98F7232126244600917430 /* Ballet_Rarm_white.png in Resources */,
				8F98F73E2126244E00917430 /* Punk_Larm_White.png in Resources */,
				8F201CAE211B849E00637A75 /* Rhand_Y.mp3 in Resources */,
				8F98F73D2126244E00917430 /* Punk_HeadBody_White.png in Resources */,
				8F201CB1211B849E00637A75 /* Body_W.mp3 in Resources */,
				8F2F344920F7A59A001962D0 /* Trees_White_Rleg.png in Resources */,
				8F2F344F20F7A59A001962D0 /* Trees_White_BodyHead.png in Resources */,
				8F201CB4211B849E00637A75 /* Rfoot_R.mp3 in Resources */,
				8F201CA0211B849E00637A75 /* Body_G.mp3 in Resources */,
				8F98F73F2126244E00917430 /* Poof.vrx in Resources */,
				8F98F7372126244E00917430 /* Poof_Larm_white.png in Resources */,
				8F98F7222126244600917430 /* Ballet_Larm_white.png in Resources */,
				8F98F7392126244E00917430 /* Punk_Rarm_White.png in Resources */,
				8F1DE3BA211E57A700C8749D /* Jams.vrx in Resources */,
				8F98F73C2126244E00917430 /* Punk_Lleg_White.png in Resources */,
				8F292C1020A9275A00635C0D /* ibl_mans_outside.hdr in Resources */,
				8F2F345220F7A59A001962D0 /* Trees_White_Lleg.png in Resources */,
				8F2F345120F7A59A001962D0 /* Jams_bodyhead_white.png in Resources */,
				8F98F73A2126244E00917430 /* Poof_Body_white.png in Resources */,
				8F98F7412126244E00917430 /* Punk.vrx in Resources */,
			);
			runOnlyForDeploymentPostprocessing = 0;
		};
/* End PBXResourcesBuildPhase section */

/* Begin PBXSourcesBuildPhase section */
		8F292BDB20A91F5C00635C0D /* Sources */ = {
			isa = PBXSourcesBuildPhase;
			buildActionMask = 2147483647;
			files = (
				8F201C3120FAB14100637A75 /* CCAnimationScreen.m in Sources */,
				8F201C2720FA6EEF00637A75 /* CCSignalReader.mm in Sources */,
				8F201C2C20FA9B4E00637A75 /* CCColumnSimulator.m in Sources */,
				8F292BE720A91F5C00635C0D /* ViewController.m in Sources */,
				8F201C2F20FAB08100637A75 /* CCDanceController.m in Sources */,
				8F98F7492126490C00917430 /* CCTreeAnimationWeights.cpp in Sources */,
				8F292BFE20A91FF000635C0D /* CCViewController.m in Sources */,
				8F98F75021267A9400917430 /* CCBeatDetection.m in Sources */,
				8F292BEF20A91F5E00635C0D /* main.m in Sources */,
				8F98F746212648A700917430 /* CCJamsAnimationWeights.cpp in Sources */,
				8F201CBB211B903200637A75 /* CCModelUtil.cpp in Sources */,
				8F2F342020E7D96D001962D0 /* CCDanceScene.cpp in Sources */,
				8F201C3420FACBA800637A75 /* CCCountdownScene.cpp in Sources */,
				8F292BE420A91F5C00635C0D /* AppDelegate.m in Sources */,
				8F98F75A21270A0C00917430 /* CCAudioRecorder.m in Sources */,
			);
			runOnlyForDeploymentPostprocessing = 0;
		};
/* End PBXSourcesBuildPhase section */

/* Begin PBXVariantGroup section */
		8F292BEA20A91F5E00635C0D /* Main.storyboard */ = {
			isa = PBXVariantGroup;
			children = (
				8F292BEB20A91F5E00635C0D /* Base */,
			);
			name = Main.storyboard;
			sourceTree = "<group>";
		};
/* End PBXVariantGroup section */

/* Begin XCBuildConfiguration section */
		8F292BF120A91F5E00635C0D /* Debug */ = {
			isa = XCBuildConfiguration;
			buildSettings = {
				ALWAYS_SEARCH_USER_PATHS = NO;
				CLANG_ANALYZER_NONNULL = YES;
				CLANG_ANALYZER_NUMBER_OBJECT_CONVERSION = YES_AGGRESSIVE;
				CLANG_CXX_LANGUAGE_STANDARD = "gnu++14";
				CLANG_CXX_LIBRARY = "libc++";
				CLANG_ENABLE_MODULES = YES;
				CLANG_ENABLE_OBJC_ARC = YES;
				CLANG_ENABLE_OBJC_WEAK = YES;
				CLANG_WARN_BLOCK_CAPTURE_AUTORELEASING = YES;
				CLANG_WARN_BOOL_CONVERSION = YES;
				CLANG_WARN_COMMA = YES;
				CLANG_WARN_CONSTANT_CONVERSION = YES;
				CLANG_WARN_DEPRECATED_OBJC_IMPLEMENTATIONS = YES;
				CLANG_WARN_DIRECT_OBJC_ISA_USAGE = YES_ERROR;
				CLANG_WARN_DOCUMENTATION_COMMENTS = YES;
				CLANG_WARN_EMPTY_BODY = YES;
				CLANG_WARN_ENUM_CONVERSION = YES;
				CLANG_WARN_INFINITE_RECURSION = YES;
				CLANG_WARN_INT_CONVERSION = YES;
				CLANG_WARN_NON_LITERAL_NULL_CONVERSION = YES;
				CLANG_WARN_OBJC_IMPLICIT_RETAIN_SELF = YES;
				CLANG_WARN_OBJC_LITERAL_CONVERSION = YES;
				CLANG_WARN_OBJC_ROOT_CLASS = YES_ERROR;
				CLANG_WARN_RANGE_LOOP_ANALYSIS = YES;
				CLANG_WARN_STRICT_PROTOTYPES = YES;
				CLANG_WARN_SUSPICIOUS_MOVE = YES;
				CLANG_WARN_UNGUARDED_AVAILABILITY = YES_AGGRESSIVE;
				CLANG_WARN_UNREACHABLE_CODE = YES;
				CLANG_WARN__DUPLICATE_METHOD_MATCH = YES;
				CODE_SIGN_IDENTITY = "Mac Developer";
				COPY_PHASE_STRIP = NO;
				DEBUG_INFORMATION_FORMAT = dwarf;
				ENABLE_STRICT_OBJC_MSGSEND = YES;
				ENABLE_TESTABILITY = YES;
				GCC_C_LANGUAGE_STANDARD = gnu11;
				GCC_DYNAMIC_NO_PIC = NO;
				GCC_NO_COMMON_BLOCKS = YES;
				GCC_OPTIMIZATION_LEVEL = 0;
				GCC_PREPROCESSOR_DEFINITIONS = (
					"DEBUG=1",
					"$(inherited)",
				);
				GCC_WARN_64_TO_32_BIT_CONVERSION = YES;
				GCC_WARN_ABOUT_RETURN_TYPE = YES_ERROR;
				GCC_WARN_UNDECLARED_SELECTOR = YES;
				GCC_WARN_UNINITIALIZED_AUTOS = YES_AGGRESSIVE;
				GCC_WARN_UNUSED_FUNCTION = YES;
				GCC_WARN_UNUSED_VARIABLE = YES;
				MACOSX_DEPLOYMENT_TARGET = 10.13;
				MTL_ENABLE_DEBUG_INFO = YES;
				ONLY_ACTIVE_ARCH = YES;
				SDKROOT = macosx;
			};
			name = Debug;
		};
		8F292BF220A91F5E00635C0D /* Release */ = {
			isa = XCBuildConfiguration;
			buildSettings = {
				ALWAYS_SEARCH_USER_PATHS = NO;
				CLANG_ANALYZER_NONNULL = YES;
				CLANG_ANALYZER_NUMBER_OBJECT_CONVERSION = YES_AGGRESSIVE;
				CLANG_CXX_LANGUAGE_STANDARD = "gnu++14";
				CLANG_CXX_LIBRARY = "libc++";
				CLANG_ENABLE_MODULES = YES;
				CLANG_ENABLE_OBJC_ARC = YES;
				CLANG_ENABLE_OBJC_WEAK = YES;
				CLANG_WARN_BLOCK_CAPTURE_AUTORELEASING = YES;
				CLANG_WARN_BOOL_CONVERSION = YES;
				CLANG_WARN_COMMA = YES;
				CLANG_WARN_CONSTANT_CONVERSION = YES;
				CLANG_WARN_DEPRECATED_OBJC_IMPLEMENTATIONS = YES;
				CLANG_WARN_DIRECT_OBJC_ISA_USAGE = YES_ERROR;
				CLANG_WARN_DOCUMENTATION_COMMENTS = YES;
				CLANG_WARN_EMPTY_BODY = YES;
				CLANG_WARN_ENUM_CONVERSION = YES;
				CLANG_WARN_INFINITE_RECURSION = YES;
				CLANG_WARN_INT_CONVERSION = YES;
				CLANG_WARN_NON_LITERAL_NULL_CONVERSION = YES;
				CLANG_WARN_OBJC_IMPLICIT_RETAIN_SELF = YES;
				CLANG_WARN_OBJC_LITERAL_CONVERSION = YES;
				CLANG_WARN_OBJC_ROOT_CLASS = YES_ERROR;
				CLANG_WARN_RANGE_LOOP_ANALYSIS = YES;
				CLANG_WARN_STRICT_PROTOTYPES = YES;
				CLANG_WARN_SUSPICIOUS_MOVE = YES;
				CLANG_WARN_UNGUARDED_AVAILABILITY = YES_AGGRESSIVE;
				CLANG_WARN_UNREACHABLE_CODE = YES;
				CLANG_WARN__DUPLICATE_METHOD_MATCH = YES;
				CODE_SIGN_IDENTITY = "Mac Developer";
				COPY_PHASE_STRIP = NO;
				DEBUG_INFORMATION_FORMAT = "dwarf-with-dsym";
				ENABLE_NS_ASSERTIONS = NO;
				ENABLE_STRICT_OBJC_MSGSEND = YES;
				GCC_C_LANGUAGE_STANDARD = gnu11;
				GCC_NO_COMMON_BLOCKS = YES;
				GCC_WARN_64_TO_32_BIT_CONVERSION = YES;
				GCC_WARN_ABOUT_RETURN_TYPE = YES_ERROR;
				GCC_WARN_UNDECLARED_SELECTOR = YES;
				GCC_WARN_UNINITIALIZED_AUTOS = YES_AGGRESSIVE;
				GCC_WARN_UNUSED_FUNCTION = YES;
				GCC_WARN_UNUSED_VARIABLE = YES;
				MACOSX_DEPLOYMENT_TARGET = 10.13;
				MTL_ENABLE_DEBUG_INFO = NO;
				SDKROOT = macosx;
			};
			name = Release;
		};
		8F292BF420A91F5E00635C0D /* Debug */ = {
			isa = XCBuildConfiguration;
			buildSettings = {
				ASSETCATALOG_COMPILER_APPICON_NAME = AppIcon;
				CODE_SIGN_ENTITLEMENTS = CrowdControls/CrowdControls.entitlements;
				CODE_SIGN_STYLE = Automatic;
				COMBINE_HIDPI_IMAGES = YES;
				DEVELOPMENT_TEAM = FX7DLGYQ33;
				FRAMEWORK_SEARCH_PATHS = (
					"$(PROJECT_DIR)/Libraries/Harfbuzz/x86_64",
					"$(PROJECT_DIR)/Libraries/Viro",
					"$(PROJECT_DIR)/Libraries/Syphon",
					"$(PROJECT_DIR)/Libraries",
					"$(PROJECT_DIR)/Libraries/Aubio",
				);
				INFOPLIST_FILE = CrowdControls/Info.plist;
				LD_RUNPATH_SEARCH_PATHS = (
					"$(inherited)",
					"@executable_path/../Frameworks",
				);
				PRODUCT_BUNDLE_IDENTIFIER = com.rootpowder.CrowdControls;
				PRODUCT_NAME = "$(TARGET_NAME)";
			};
			name = Debug;
		};
		8F292BF520A91F5E00635C0D /* Release */ = {
			isa = XCBuildConfiguration;
			buildSettings = {
				ASSETCATALOG_COMPILER_APPICON_NAME = AppIcon;
				CODE_SIGN_ENTITLEMENTS = CrowdControls/CrowdControls.entitlements;
				CODE_SIGN_STYLE = Automatic;
				COMBINE_HIDPI_IMAGES = YES;
				DEVELOPMENT_TEAM = FX7DLGYQ33;
				FRAMEWORK_SEARCH_PATHS = (
					"$(PROJECT_DIR)/Libraries/Harfbuzz/x86_64",
					"$(PROJECT_DIR)/Libraries/Viro",
					"$(PROJECT_DIR)/Libraries/Syphon",
					"$(PROJECT_DIR)/Libraries",
					"$(PROJECT_DIR)/Libraries/Aubio",
				);
				INFOPLIST_FILE = CrowdControls/Info.plist;
				LD_RUNPATH_SEARCH_PATHS = (
					"$(inherited)",
					"@executable_path/../Frameworks",
				);
				PRODUCT_BUNDLE_IDENTIFIER = com.rootpowder.CrowdControls;
				PRODUCT_NAME = "$(TARGET_NAME)";
			};
			name = Release;
		};
/* End XCBuildConfiguration section */

/* Begin XCConfigurationList section */
		8F292BDA20A91F5C00635C0D /* Build configuration list for PBXProject "CrowdControls" */ = {
			isa = XCConfigurationList;
			buildConfigurations = (
				8F292BF120A91F5E00635C0D /* Debug */,
				8F292BF220A91F5E00635C0D /* Release */,
			);
			defaultConfigurationIsVisible = 0;
			defaultConfigurationName = Release;
		};
		8F292BF320A91F5E00635C0D /* Build configuration list for PBXNativeTarget "CrowdControls" */ = {
			isa = XCConfigurationList;
			buildConfigurations = (
				8F292BF420A91F5E00635C0D /* Debug */,
				8F292BF520A91F5E00635C0D /* Release */,
			);
			defaultConfigurationIsVisible = 0;
			defaultConfigurationName = Release;
		};
/* End XCConfigurationList section */
	};
	rootObject = 8F292BD720A91F5C00635C0D /* Project object */;
}
